// !$*UTF8*$!
{
	archiveVersion = 1;
	classes = {
	};
	objectVersion = 46;
	objects = {

/* Begin PBXBuildFile section */
		03E89358C54A4491B06FDA57 /* main.cpp in Sources */ = {isa = PBXBuildFile; fileRef = 0720AD50BF044D91AF641B4C /* main.cpp */; };
/* End PBXBuildFile section */

/* Begin PBXFileReference section */
		01696B0C82E943888BBDD20B /* main */ = {isa = PBXFileReference; explicitFileType = "compiled.mach-o.executable"; path = main; sourceTree = BUILT_PRODUCTS_DIR; };
		06F3DCA70412400C80316697 /* CMakeLists.txt */ = {isa = PBXFileReference; explicitFileType = sourcecode.text; fileEncoding = 4; lastKnownFileType = text; path = CMakeLists.txt; sourceTree = SOURCE_ROOT; };
		0720AD50BF044D91AF641B4C /* main.cpp */ = {isa = PBXFileReference; explicitFileType = sourcecode.cpp.cpp; fileEncoding = 4; path = main.cpp; sourceTree = SOURCE_ROOT; };
		07915482B6E44CA497B8CE7C /* CMakeLists.txt */ = {isa = PBXFileReference; explicitFileType = sourcecode.text; fileEncoding = 4; lastKnownFileType = text; path = CMakeLists.txt; sourceTree = SOURCE_ROOT; };
/* End PBXFileReference section */

/* Begin PBXFrameworksBuildPhase section */
		E30148EC62B34740966FD794 /* Frameworks */ = {
			isa = PBXFrameworksBuildPhase;
			buildActionMask = 2147483647;
			files = (
			);
			runOnlyForDeploymentPostprocessing = 0;
		};
/* End PBXFrameworksBuildPhase section */

/* Begin PBXGroup section */
		0908C336734F4A8588B8EA08 = {
			isa = PBXGroup;
			children = (
				C7DF3764FAB2478386F97AF4 /* main */,
				666DD16022AC4E6FA7C5479A /* ALL_BUILD */,
				0B3EF4C656D84797A230E038 /* Products */,
				267A4E375F454996835CA764 /* Frameworks */,
			);
			sourceTree = "<group>";
		};
		0B3EF4C656D84797A230E038 /* Products */ = {
			isa = PBXGroup;
			children = (
				01696B0C82E943888BBDD20B /* main */,
			);
			name = Products;
			sourceTree = "<group>";
		};
		267A4E375F454996835CA764 /* Frameworks */ = {
			isa = PBXGroup;
			children = (
			);
			name = Frameworks;
			sourceTree = "<group>";
		};
		666DD16022AC4E6FA7C5479A /* ALL_BUILD */ = {
			isa = PBXGroup;
			children = (
				8D9539138E5D43A3B3ED481B /* CMake Rules */,
				07915482B6E44CA497B8CE7C /* CMakeLists.txt */,
			);
			name = ALL_BUILD;
			sourceTree = "<group>";
		};
		8D9539138E5D43A3B3ED481B /* CMake Rules */ = {
			isa = PBXGroup;
			children = (
			);
			name = "CMake Rules";
			sourceTree = "<group>";
		};
		A315DE8F66F34B72A4B018DD /* Source Files */ = {
			isa = PBXGroup;
			children = (
				0720AD50BF044D91AF641B4C /* main.cpp */,
			);
			name = "Source Files";
			sourceTree = "<group>";
		};
		C7DF3764FAB2478386F97AF4 /* main */ = {
			isa = PBXGroup;
			children = (
				A315DE8F66F34B72A4B018DD /* Source Files */,
				06F3DCA70412400C80316697 /* CMakeLists.txt */,
			);
			name = main;
			sourceTree = "<group>";
		};
/* End PBXGroup section */

/* Begin PBXNativeTarget section */
		CD191864A2E0432D90B42F93 /* main */ = {
			isa = PBXNativeTarget;
			buildConfigurationList = AD8B41F74C1540FF9D9CCABD /* Build configuration list for PBXNativeTarget "main" */;
			buildPhases = (
				02ABD85EF22043B8B3AEBBBF /* Sources */,
				E30148EC62B34740966FD794 /* Frameworks */,
			);
			buildRules = (
			);
			dependencies = (
			);
			name = main;
			productName = main;
			productReference = 01696B0C82E943888BBDD20B /* main */;
			productType = "com.apple.product-type.tool";
		};
/* End PBXNativeTarget section */

/* Begin PBXProject section */
		1AD6B1BE510945FD95E3B5F3 /* Project object */ = {
			isa = PBXProject;
			attributes = {
				LastUpgradeCheck = 1330;
			};
			buildConfigurationList = 5465053B82CE4E5EB4559337 /* Build configuration list for PBXProject "main" */;
			compatibilityVersion = "Xcode 3.2";
			developmentRegion = en;
			hasScannedForEncodings = 0;
			knownRegions = (
				en,
				Base,
			);
			mainGroup = 0908C336734F4A8588B8EA08;
			projectDirPath = "";
			projectRoot = "";
			targets = (
				CD191864A2E0432D90B42F93 /* main */,
			);
		};
/* End PBXProject section */

/* Begin PBXSourcesBuildPhase section */
		02ABD85EF22043B8B3AEBBBF /* Sources */ = {
			isa = PBXSourcesBuildPhase;
			buildActionMask = 2147483647;
			files = (
				03E89358C54A4491B06FDA57 /* main.cpp in Sources */,
			);
			runOnlyForDeploymentPostprocessing = 0;
		};
/* End PBXSourcesBuildPhase section */

/* Begin XCBuildConfiguration section */
		0D6DBB9271F04BDAA62D2511 /* Release */ = {
			isa = XCBuildConfiguration;
			buildSettings = {
				ARCHS = arm64;
				COMBINE_HIDPI_IMAGES = YES;
				EXECUTABLE_PREFIX = "";
				EXECUTABLE_SUFFIX = "";
				GCC_GENERATE_DEBUGGING_SYMBOLS = NO;
				GCC_INLINES_ARE_PRIVATE_EXTERN = NO;
				GCC_OPTIMIZATION_LEVEL = 3;
				GCC_PREPROCESSOR_DEFINITIONS = (
					"'CMAKE_INTDIR=\"$(CONFIGURATION)$(EFFECTIVE_PLATFORM_NAME)\"'",
					"$(inherited)",
				);
				GCC_SYMBOLS_PRIVATE_EXTERN = NO;
				INSTALL_PATH = "";
				LD_RUNPATH_SEARCH_PATHS = "/opt/homebrew/lib $(inherited)";
				ONLY_ACTIVE_ARCH = NO;
				OTHER_CPLUSPLUSFLAGS = (
					"-DNDEBUG",
					"'-std=gnu++11'",
				);
				OTHER_LDFLAGS = (
					"-Wl,-search_paths_first",
					"-Wl,-headerpad_max_install_names",
					/opt/homebrew/lib/libopencv_gapi.4.5.5.dylib,
					/opt/homebrew/lib/libopencv_stitching.4.5.5.dylib,
					/opt/homebrew/lib/libopencv_alphamat.4.5.5.dylib,
					/opt/homebrew/lib/libopencv_aruco.4.5.5.dylib,
					/opt/homebrew/lib/libopencv_barcode.4.5.5.dylib,
					/opt/homebrew/lib/libopencv_bgsegm.4.5.5.dylib,
					/opt/homebrew/lib/libopencv_bioinspired.4.5.5.dylib,
					/opt/homebrew/lib/libopencv_ccalib.4.5.5.dylib,
					/opt/homebrew/lib/libopencv_dnn_objdetect.4.5.5.dylib,
					/opt/homebrew/lib/libopencv_dnn_superres.4.5.5.dylib,
					/opt/homebrew/lib/libopencv_dpm.4.5.5.dylib,
					/opt/homebrew/lib/libopencv_face.4.5.5.dylib,
					/opt/homebrew/lib/libopencv_freetype.4.5.5.dylib,
					/opt/homebrew/lib/libopencv_fuzzy.4.5.5.dylib,
					/opt/homebrew/lib/libopencv_hfs.4.5.5.dylib,
					/opt/homebrew/lib/libopencv_img_hash.4.5.5.dylib,
					/opt/homebrew/lib/libopencv_intensity_transform.4.5.5.dylib,
					/opt/homebrew/lib/libopencv_line_descriptor.4.5.5.dylib,
					/opt/homebrew/lib/libopencv_mcc.4.5.5.dylib,
					/opt/homebrew/lib/libopencv_quality.4.5.5.dylib,
					/opt/homebrew/lib/libopencv_rapid.4.5.5.dylib,
					/opt/homebrew/lib/libopencv_reg.4.5.5.dylib,
					/opt/homebrew/lib/libopencv_rgbd.4.5.5.dylib,
					/opt/homebrew/lib/libopencv_saliency.4.5.5.dylib,
					/opt/homebrew/lib/libopencv_sfm.4.5.5.dylib,
					/opt/homebrew/lib/libopencv_stereo.4.5.5.dylib,
					/opt/homebrew/lib/libopencv_structured_light.4.5.5.dylib,
					/opt/homebrew/lib/libopencv_superres.4.5.5.dylib,
					/opt/homebrew/lib/libopencv_surface_matching.4.5.5.dylib,
					/opt/homebrew/lib/libopencv_tracking.4.5.5.dylib,
					/opt/homebrew/lib/libopencv_videostab.4.5.5.dylib,
					/opt/homebrew/lib/libopencv_viz.4.5.5.dylib,
					/opt/homebrew/lib/libopencv_wechat_qrcode.4.5.5.dylib,
					/opt/homebrew/lib/libopencv_xfeatures2d.4.5.5.dylib,
					/opt/homebrew/lib/libopencv_xobjdetect.4.5.5.dylib,
					/opt/homebrew/lib/libopencv_xphoto.4.5.5.dylib,
					/opt/homebrew/lib/libopencv_shape.4.5.5.dylib,
					/opt/homebrew/lib/libopencv_highgui.4.5.5.dylib,
					/opt/homebrew/lib/libopencv_datasets.4.5.5.dylib,
					/opt/homebrew/lib/libopencv_plot.4.5.5.dylib,
					/opt/homebrew/lib/libopencv_text.4.5.5.dylib,
					/opt/homebrew/lib/libopencv_ml.4.5.5.dylib,
					/opt/homebrew/lib/libopencv_phase_unwrapping.4.5.5.dylib,
					/opt/homebrew/lib/libopencv_optflow.4.5.5.dylib,
					/opt/homebrew/lib/libopencv_ximgproc.4.5.5.dylib,
					/opt/homebrew/lib/libopencv_video.4.5.5.dylib,
					/opt/homebrew/lib/libopencv_videoio.4.5.5.dylib,
					/opt/homebrew/lib/libopencv_imgcodecs.4.5.5.dylib,
					/opt/homebrew/lib/libopencv_objdetect.4.5.5.dylib,
					/opt/homebrew/lib/libopencv_calib3d.4.5.5.dylib,
					/opt/homebrew/lib/libopencv_dnn.4.5.5.dylib,
					/opt/homebrew/lib/libopencv_features2d.4.5.5.dylib,
					/opt/homebrew/lib/libopencv_flann.4.5.5.dylib,
					/opt/homebrew/lib/libopencv_photo.4.5.5.dylib,
					/opt/homebrew/lib/libopencv_imgproc.4.5.5.dylib,
					/opt/homebrew/lib/libopencv_core.4.5.5.dylib,
					"$(inherited)",
				);
				OTHER_REZFLAGS = "";
				PRODUCT_NAME = main;
				SECTORDER_FLAGS = "";
				SYMROOT = "/Users/k21099kk/src/imgProc/第5回/gaussian";
				SYSTEM_HEADER_SEARCH_PATHS = "/opt/homebrew/Cellar/opencv/4.5.5_2/include/opencv4 $(inherited)";
				USE_HEADERMAP = NO;
				WARNING_CFLAGS = "$(inherited)";
			};
			name = Release;
		};
		1F8A675DBD4E490DAE37CD19 /* Release */ = {
			isa = XCBuildConfiguration;
			buildSettings = {
				ARCHS = arm64;
				SDKROOT = /Applications/Xcode.app/Contents/Developer/Platforms/MacOSX.platform/Developer/SDKs/MacOSX12.3.sdk;
				SYMROOT = "/Users/k21099kk/src/imgProc/第5回/gaussian/build";
			};
			name = Release;
		};
		3451FE1D086A49FCB44952E8 /* Debug */ = {
			isa = XCBuildConfiguration;
			buildSettings = {
				ARCHS = arm64;
				SDKROOT = /Applications/Xcode.app/Contents/Developer/Platforms/MacOSX.platform/Developer/SDKs/MacOSX12.3.sdk;
				SYMROOT = "/Users/k21099kk/src/imgProc/第5回/gaussian/build";
			};
			name = Debug;
		};
		5AF20D6C9A274606A2C64C7A /* MinSizeRel */ = {
			isa = XCBuildConfiguration;
			buildSettings = {
				ARCHS = arm64;
				SDKROOT = /Applications/Xcode.app/Contents/Developer/Platforms/MacOSX.platform/Developer/SDKs/MacOSX12.3.sdk;
				SYMROOT = "/Users/k21099kk/src/imgProc/第5回/gaussian/build";
			};
			name = MinSizeRel;
		};
		75AFC60D875B4EC7B3CDAFA3 /* RelWithDebInfo */ = {
			isa = XCBuildConfiguration;
			buildSettings = {
				ARCHS = arm64;
				COMBINE_HIDPI_IMAGES = YES;
				EXECUTABLE_PREFIX = "";
				EXECUTABLE_SUFFIX = "";
				GCC_GENERATE_DEBUGGING_SYMBOLS = YES;
				GCC_INLINES_ARE_PRIVATE_EXTERN = NO;
				GCC_OPTIMIZATION_LEVEL = 2;
				GCC_PREPROCESSOR_DEFINITIONS = (
					"'CMAKE_INTDIR=\"$(CONFIGURATION)$(EFFECTIVE_PLATFORM_NAME)\"'",
					"$(inherited)",
				);
				GCC_SYMBOLS_PRIVATE_EXTERN = NO;
				INSTALL_PATH = "";
				LD_RUNPATH_SEARCH_PATHS = "/opt/homebrew/lib $(inherited)";
				ONLY_ACTIVE_ARCH = NO;
				OTHER_CPLUSPLUSFLAGS = (
					"-DNDEBUG",
					"'-std=gnu++11'",
				);
				OTHER_LDFLAGS = (
					"-Wl,-search_paths_first",
					"-Wl,-headerpad_max_install_names",
					/opt/homebrew/lib/libopencv_gapi.4.5.5.dylib,
					/opt/homebrew/lib/libopencv_stitching.4.5.5.dylib,
					/opt/homebrew/lib/libopencv_alphamat.4.5.5.dylib,
					/opt/homebrew/lib/libopencv_aruco.4.5.5.dylib,
					/opt/homebrew/lib/libopencv_barcode.4.5.5.dylib,
					/opt/homebrew/lib/libopencv_bgsegm.4.5.5.dylib,
					/opt/homebrew/lib/libopencv_bioinspired.4.5.5.dylib,
					/opt/homebrew/lib/libopencv_ccalib.4.5.5.dylib,
					/opt/homebrew/lib/libopencv_dnn_objdetect.4.5.5.dylib,
					/opt/homebrew/lib/libopencv_dnn_superres.4.5.5.dylib,
					/opt/homebrew/lib/libopencv_dpm.4.5.5.dylib,
					/opt/homebrew/lib/libopencv_face.4.5.5.dylib,
					/opt/homebrew/lib/libopencv_freetype.4.5.5.dylib,
					/opt/homebrew/lib/libopencv_fuzzy.4.5.5.dylib,
					/opt/homebrew/lib/libopencv_hfs.4.5.5.dylib,
					/opt/homebrew/lib/libopencv_img_hash.4.5.5.dylib,
					/opt/homebrew/lib/libopencv_intensity_transform.4.5.5.dylib,
					/opt/homebrew/lib/libopencv_line_descriptor.4.5.5.dylib,
					/opt/homebrew/lib/libopencv_mcc.4.5.5.dylib,
					/opt/homebrew/lib/libopencv_quality.4.5.5.dylib,
					/opt/homebrew/lib/libopencv_rapid.4.5.5.dylib,
					/opt/homebrew/lib/libopencv_reg.4.5.5.dylib,
					/opt/homebrew/lib/libopencv_rgbd.4.5.5.dylib,
					/opt/homebrew/lib/libopencv_saliency.4.5.5.dylib,
					/opt/homebrew/lib/libopencv_sfm.4.5.5.dylib,
					/opt/homebrew/lib/libopencv_stereo.4.5.5.dylib,
					/opt/homebrew/lib/libopencv_structured_light.4.5.5.dylib,
					/opt/homebrew/lib/libopencv_superres.4.5.5.dylib,
					/opt/homebrew/lib/libopencv_surface_matching.4.5.5.dylib,
					/opt/homebrew/lib/libopencv_tracking.4.5.5.dylib,
					/opt/homebrew/lib/libopencv_videostab.4.5.5.dylib,
					/opt/homebrew/lib/libopencv_viz.4.5.5.dylib,
					/opt/homebrew/lib/libopencv_wechat_qrcode.4.5.5.dylib,
					/opt/homebrew/lib/libopencv_xfeatures2d.4.5.5.dylib,
					/opt/homebrew/lib/libopencv_xobjdetect.4.5.5.dylib,
					/opt/homebrew/lib/libopencv_xphoto.4.5.5.dylib,
					/opt/homebrew/lib/libopencv_shape.4.5.5.dylib,
					/opt/homebrew/lib/libopencv_highgui.4.5.5.dylib,
					/opt/homebrew/lib/libopencv_datasets.4.5.5.dylib,
					/opt/homebrew/lib/libopencv_plot.4.5.5.dylib,
					/opt/homebrew/lib/libopencv_text.4.5.5.dylib,
					/opt/homebrew/lib/libopencv_ml.4.5.5.dylib,
					/opt/homebrew/lib/libopencv_phase_unwrapping.4.5.5.dylib,
					/opt/homebrew/lib/libopencv_optflow.4.5.5.dylib,
					/opt/homebrew/lib/libopencv_ximgproc.4.5.5.dylib,
					/opt/homebrew/lib/libopencv_video.4.5.5.dylib,
					/opt/homebrew/lib/libopencv_videoio.4.5.5.dylib,
					/opt/homebrew/lib/libopencv_imgcodecs.4.5.5.dylib,
					/opt/homebrew/lib/libopencv_objdetect.4.5.5.dylib,
					/opt/homebrew/lib/libopencv_calib3d.4.5.5.dylib,
					/opt/homebrew/lib/libopencv_dnn.4.5.5.dylib,
					/opt/homebrew/lib/libopencv_features2d.4.5.5.dylib,
					/opt/homebrew/lib/libopencv_flann.4.5.5.dylib,
					/opt/homebrew/lib/libopencv_photo.4.5.5.dylib,
					/opt/homebrew/lib/libopencv_imgproc.4.5.5.dylib,
					/opt/homebrew/lib/libopencv_core.4.5.5.dylib,
					"$(inherited)",
				);
				OTHER_REZFLAGS = "";
				PRODUCT_NAME = main;
				SECTORDER_FLAGS = "";
				SYMROOT = "/Users/k21099kk/src/imgProc/第5回/gaussian";
				SYSTEM_HEADER_SEARCH_PATHS = "/opt/homebrew/Cellar/opencv/4.5.5_2/include/opencv4 $(inherited)";
				USE_HEADERMAP = NO;
				WARNING_CFLAGS = "$(inherited)";
			};
			name = RelWithDebInfo;
		};
		81A125B11899426BBDBD74D4 /* RelWithDebInfo */ = {
			isa = XCBuildConfiguration;
			buildSettings = {
				ARCHS = arm64;
				SDKROOT = /Applications/Xcode.app/Contents/Developer/Platforms/MacOSX.platform/Developer/SDKs/MacOSX12.3.sdk;
				SYMROOT = "/Users/k21099kk/src/imgProc/第5回/gaussian/build";
			};
			name = RelWithDebInfo;
		};
		C15ADEDA0D1D4C0B8E3A332C /* MinSizeRel */ = {
			isa = XCBuildConfiguration;
			buildSettings = {
				ARCHS = arm64;
				COMBINE_HIDPI_IMAGES = YES;
				EXECUTABLE_PREFIX = "";
				EXECUTABLE_SUFFIX = "";
				GCC_GENERATE_DEBUGGING_SYMBOLS = NO;
				GCC_INLINES_ARE_PRIVATE_EXTERN = NO;
				GCC_OPTIMIZATION_LEVEL = s;
				GCC_PREPROCESSOR_DEFINITIONS = (
					"'CMAKE_INTDIR=\"$(CONFIGURATION)$(EFFECTIVE_PLATFORM_NAME)\"'",
					"$(inherited)",
				);
				GCC_SYMBOLS_PRIVATE_EXTERN = NO;
				INSTALL_PATH = "";
				LD_RUNPATH_SEARCH_PATHS = "/opt/homebrew/lib $(inherited)";
				ONLY_ACTIVE_ARCH = NO;
				OTHER_CPLUSPLUSFLAGS = (
					"-DNDEBUG",
					"'-std=gnu++11'",
				);
				OTHER_LDFLAGS = (
					"-Wl,-search_paths_first",
					"-Wl,-headerpad_max_install_names",
					/opt/homebrew/lib/libopencv_gapi.4.5.5.dylib,
					/opt/homebrew/lib/libopencv_stitching.4.5.5.dylib,
					/opt/homebrew/lib/libopencv_alphamat.4.5.5.dylib,
					/opt/homebrew/lib/libopencv_aruco.4.5.5.dylib,
					/opt/homebrew/lib/libopencv_barcode.4.5.5.dylib,
					/opt/homebrew/lib/libopencv_bgsegm.4.5.5.dylib,
					/opt/homebrew/lib/libopencv_bioinspired.4.5.5.dylib,
					/opt/homebrew/lib/libopencv_ccalib.4.5.5.dylib,
					/opt/homebrew/lib/libopencv_dnn_objdetect.4.5.5.dylib,
					/opt/homebrew/lib/libopencv_dnn_superres.4.5.5.dylib,
					/opt/homebrew/lib/libopencv_dpm.4.5.5.dylib,
					/opt/homebrew/lib/libopencv_face.4.5.5.dylib,
					/opt/homebrew/lib/libopencv_freetype.4.5.5.dylib,
					/opt/homebrew/lib/libopencv_fuzzy.4.5.5.dylib,
					/opt/homebrew/lib/libopencv_hfs.4.5.5.dylib,
					/opt/homebrew/lib/libopencv_img_hash.4.5.5.dylib,
					/opt/homebrew/lib/libopencv_intensity_transform.4.5.5.dylib,
					/opt/homebrew/lib/libopencv_line_descriptor.4.5.5.dylib,
					/opt/homebrew/lib/libopencv_mcc.4.5.5.dylib,
					/opt/homebrew/lib/libopencv_quality.4.5.5.dylib,
					/opt/homebrew/lib/libopencv_rapid.4.5.5.dylib,
					/opt/homebrew/lib/libopencv_reg.4.5.5.dylib,
					/opt/homebrew/lib/libopencv_rgbd.4.5.5.dylib,
					/opt/homebrew/lib/libopencv_saliency.4.5.5.dylib,
					/opt/homebrew/lib/libopencv_sfm.4.5.5.dylib,
					/opt/homebrew/lib/libopencv_stereo.4.5.5.dylib,
					/opt/homebrew/lib/libopencv_structured_light.4.5.5.dylib,
					/opt/homebrew/lib/libopencv_superres.4.5.5.dylib,
					/opt/homebrew/lib/libopencv_surface_matching.4.5.5.dylib,
					/opt/homebrew/lib/libopencv_tracking.4.5.5.dylib,
					/opt/homebrew/lib/libopencv_videostab.4.5.5.dylib,
					/opt/homebrew/lib/libopencv_viz.4.5.5.dylib,
					/opt/homebrew/lib/libopencv_wechat_qrcode.4.5.5.dylib,
					/opt/homebrew/lib/libopencv_xfeatures2d.4.5.5.dylib,
					/opt/homebrew/lib/libopencv_xobjdetect.4.5.5.dylib,
					/opt/homebrew/lib/libopencv_xphoto.4.5.5.dylib,
					/opt/homebrew/lib/libopencv_shape.4.5.5.dylib,
					/opt/homebrew/lib/libopencv_highgui.4.5.5.dylib,
					/opt/homebrew/lib/libopencv_datasets.4.5.5.dylib,
					/opt/homebrew/lib/libopencv_plot.4.5.5.dylib,
					/opt/homebrew/lib/libopencv_text.4.5.5.dylib,
					/opt/homebrew/lib/libopencv_ml.4.5.5.dylib,
					/opt/homebrew/lib/libopencv_phase_unwrapping.4.5.5.dylib,
					/opt/homebrew/lib/libopencv_optflow.4.5.5.dylib,
					/opt/homebrew/lib/libopencv_ximgproc.4.5.5.dylib,
					/opt/homebrew/lib/libopencv_video.4.5.5.dylib,
					/opt/homebrew/lib/libopencv_videoio.4.5.5.dylib,
					/opt/homebrew/lib/libopencv_imgcodecs.4.5.5.dylib,
					/opt/homebrew/lib/libopencv_objdetect.4.5.5.dylib,
					/opt/homebrew/lib/libopencv_calib3d.4.5.5.dylib,
					/opt/homebrew/lib/libopencv_dnn.4.5.5.dylib,
					/opt/homebrew/lib/libopencv_features2d.4.5.5.dylib,
					/opt/homebrew/lib/libopencv_flann.4.5.5.dylib,
					/opt/homebrew/lib/libopencv_photo.4.5.5.dylib,
					/opt/homebrew/lib/libopencv_imgproc.4.5.5.dylib,
					/opt/homebrew/lib/libopencv_core.4.5.5.dylib,
					"$(inherited)",
				);
				OTHER_REZFLAGS = "";
				PRODUCT_NAME = main;
				SECTORDER_FLAGS = "";
				SYMROOT = "/Users/k21099kk/src/imgProc/第5回/gaussian";
				SYSTEM_HEADER_SEARCH_PATHS = "/opt/homebrew/Cellar/opencv/4.5.5_2/include/opencv4 $(inherited)";
				USE_HEADERMAP = NO;
				WARNING_CFLAGS = "$(inherited)";
			};
			name = MinSizeRel;
		};
		D548CB03889B440681DC9222 /* Debug */ = {
			isa = XCBuildConfiguration;
			buildSettings = {
				ARCHS = arm64;
				COMBINE_HIDPI_IMAGES = YES;
				EXECUTABLE_PREFIX = "";
				EXECUTABLE_SUFFIX = "";
				GCC_GENERATE_DEBUGGING_SYMBOLS = YES;
				GCC_INLINES_ARE_PRIVATE_EXTERN = NO;
				GCC_OPTIMIZATION_LEVEL = 0;
				GCC_PREPROCESSOR_DEFINITIONS = (
					"'CMAKE_INTDIR=\"$(CONFIGURATION)$(EFFECTIVE_PLATFORM_NAME)\"'",
					"$(inherited)",
				);
				GCC_SYMBOLS_PRIVATE_EXTERN = NO;
				INSTALL_PATH = "";
				LD_RUNPATH_SEARCH_PATHS = "/opt/homebrew/lib $(inherited)";
				ONLY_ACTIVE_ARCH = NO;
				OTHER_CPLUSPLUSFLAGS = "   '-std=gnu++11' ";
				OTHER_LDFLAGS = (
					"-Wl,-search_paths_first",
					"-Wl,-headerpad_max_install_names",
					/opt/homebrew/lib/libopencv_gapi.4.5.5.dylib,
					/opt/homebrew/lib/libopencv_stitching.4.5.5.dylib,
					/opt/homebrew/lib/libopencv_alphamat.4.5.5.dylib,
					/opt/homebrew/lib/libopencv_aruco.4.5.5.dylib,
					/opt/homebrew/lib/libopencv_barcode.4.5.5.dylib,
					/opt/homebrew/lib/libopencv_bgsegm.4.5.5.dylib,
					/opt/homebrew/lib/libopencv_bioinspired.4.5.5.dylib,
					/opt/homebrew/lib/libopencv_ccalib.4.5.5.dylib,
					/opt/homebrew/lib/libopencv_dnn_objdetect.4.5.5.dylib,
					/opt/homebrew/lib/libopencv_dnn_superres.4.5.5.dylib,
					/opt/homebrew/lib/libopencv_dpm.4.5.5.dylib,
					/opt/homebrew/lib/libopencv_face.4.5.5.dylib,
					/opt/homebrew/lib/libopencv_freetype.4.5.5.dylib,
					/opt/homebrew/lib/libopencv_fuzzy.4.5.5.dylib,
					/opt/homebrew/lib/libopencv_hfs.4.5.5.dylib,
					/opt/homebrew/lib/libopencv_img_hash.4.5.5.dylib,
					/opt/homebrew/lib/libopencv_intensity_transform.4.5.5.dylib,
					/opt/homebrew/lib/libopencv_line_descriptor.4.5.5.dylib,
					/opt/homebrew/lib/libopencv_mcc.4.5.5.dylib,
					/opt/homebrew/lib/libopencv_quality.4.5.5.dylib,
					/opt/homebrew/lib/libopencv_rapid.4.5.5.dylib,
					/opt/homebrew/lib/libopencv_reg.4.5.5.dylib,
					/opt/homebrew/lib/libopencv_rgbd.4.5.5.dylib,
					/opt/homebrew/lib/libopencv_saliency.4.5.5.dylib,
					/opt/homebrew/lib/libopencv_sfm.4.5.5.dylib,
					/opt/homebrew/lib/libopencv_stereo.4.5.5.dylib,
					/opt/homebrew/lib/libopencv_structured_light.4.5.5.dylib,
					/opt/homebrew/lib/libopencv_superres.4.5.5.dylib,
					/opt/homebrew/lib/libopencv_surface_matching.4.5.5.dylib,
					/opt/homebrew/lib/libopencv_tracking.4.5.5.dylib,
					/opt/homebrew/lib/libopencv_videostab.4.5.5.dylib,
					/opt/homebrew/lib/libopencv_viz.4.5.5.dylib,
					/opt/homebrew/lib/libopencv_wechat_qrcode.4.5.5.dylib,
					/opt/homebrew/lib/libopencv_xfeatures2d.4.5.5.dylib,
					/opt/homebrew/lib/libopencv_xobjdetect.4.5.5.dylib,
					/opt/homebrew/lib/libopencv_xphoto.4.5.5.dylib,
					/opt/homebrew/lib/libopencv_shape.4.5.5.dylib,
					/opt/homebrew/lib/libopencv_highgui.4.5.5.dylib,
					/opt/homebrew/lib/libopencv_datasets.4.5.5.dylib,
					/opt/homebrew/lib/libopencv_plot.4.5.5.dylib,
					/opt/homebrew/lib/libopencv_text.4.5.5.dylib,
					/opt/homebrew/lib/libopencv_ml.4.5.5.dylib,
					/opt/homebrew/lib/libopencv_phase_unwrapping.4.5.5.dylib,
					/opt/homebrew/lib/libopencv_optflow.4.5.5.dylib,
					/opt/homebrew/lib/libopencv_ximgproc.4.5.5.dylib,
					/opt/homebrew/lib/libopencv_video.4.5.5.dylib,
					/opt/homebrew/lib/libopencv_videoio.4.5.5.dylib,
					/opt/homebrew/lib/libopencv_imgcodecs.4.5.5.dylib,
					/opt/homebrew/lib/libopencv_objdetect.4.5.5.dylib,
					/opt/homebrew/lib/libopencv_calib3d.4.5.5.dylib,
					/opt/homebrew/lib/libopencv_dnn.4.5.5.dylib,
					/opt/homebrew/lib/libopencv_features2d.4.5.5.dylib,
					/opt/homebrew/lib/libopencv_flann.4.5.5.dylib,
					/opt/homebrew/lib/libopencv_photo.4.5.5.dylib,
					/opt/homebrew/lib/libopencv_imgproc.4.5.5.dylib,
					/opt/homebrew/lib/libopencv_core.4.5.5.dylib,
					"$(inherited)",
				);
				OTHER_REZFLAGS = "";
				PRODUCT_NAME = main;
				SECTORDER_FLAGS = "";
				SYMROOT = "/Users/k21099kk/src/imgProc/第5回/gaussian";
				SYSTEM_HEADER_SEARCH_PATHS = "/opt/homebrew/Cellar/opencv/4.5.5_2/include/opencv4 $(inherited)";
				USE_HEADERMAP = NO;
				WARNING_CFLAGS = "$(inherited)";
			};
			name = Debug;
		};
/* End XCBuildConfiguration section */

/* Begin XCConfigurationList section */
		5465053B82CE4E5EB4559337 /* Build configuration list for PBXProject "main" */ = {
			isa = XCConfigurationList;
			buildConfigurations = (
				3451FE1D086A49FCB44952E8 /* Debug */,
				1F8A675DBD4E490DAE37CD19 /* Release */,
				5AF20D6C9A274606A2C64C7A /* MinSizeRel */,
				81A125B11899426BBDBD74D4 /* RelWithDebInfo */,
			);
			defaultConfigurationIsVisible = 0;
			defaultConfigurationName = Debug;
		};
		AD8B41F74C1540FF9D9CCABD /* Build configuration list for PBXNativeTarget "main" */ = {
			isa = XCConfigurationList;
			buildConfigurations = (
				D548CB03889B440681DC9222 /* Debug */,
				0D6DBB9271F04BDAA62D2511 /* Release */,
				C15ADEDA0D1D4C0B8E3A332C /* MinSizeRel */,
				75AFC60D875B4EC7B3CDAFA3 /* RelWithDebInfo */,
			);
			defaultConfigurationIsVisible = 0;
			defaultConfigurationName = Debug;
		};
/* End XCConfigurationList section */
	};
	rootObject = 1AD6B1BE510945FD95E3B5F3 /* Project object */;
}
