// !$*UTF8*$!
{
	archiveVersion = 1;
	classes = {
	};
	objectVersion = 46;
	objects = {

/* Begin PBXBuildFile section */
		4218BA829C994C059EC1C47D /* 02_03_count_k21099.cpp in Sources */ = {isa = PBXBuildFile; fileRef = 1271674D490B423AA502C371 /* 02_03_count_k21099.cpp */; };
/* End PBXBuildFile section */

/* Begin PBXFileReference section */
		1271674D490B423AA502C371 /* 02_03_count_k21099.cpp */ = {isa = PBXFileReference; explicitFileType = sourcecode.cpp.cpp; fileEncoding = 4; path = 02_03_count_k21099.cpp; sourceTree = SOURCE_ROOT; };
		4A1A6E5146914BFCA25611B8 /* CMakeLists.txt */ = {isa = PBXFileReference; explicitFileType = sourcecode.text; fileEncoding = 4; lastKnownFileType = text; path = CMakeLists.txt; sourceTree = SOURCE_ROOT; };
		AE05786FA53E455391D96992 /* count */ = {isa = PBXFileReference; explicitFileType = "compiled.mach-o.executable"; path = count; sourceTree = BUILT_PRODUCTS_DIR; };
		DA5FC7FA6E8B435DB3A618CE /* CMakeLists.txt */ = {isa = PBXFileReference; explicitFileType = sourcecode.text; fileEncoding = 4; lastKnownFileType = text; path = CMakeLists.txt; sourceTree = SOURCE_ROOT; };
/* End PBXFileReference section */

/* Begin PBXFrameworksBuildPhase section */
		C1013C3C7B954775B03C2D24 /* Frameworks */ = {
			isa = PBXFrameworksBuildPhase;
			buildActionMask = 2147483647;
			files = (
			);
			runOnlyForDeploymentPostprocessing = 0;
		};
/* End PBXFrameworksBuildPhase section */

/* Begin PBXGroup section */
		13A950C729D643C79EBE1142 /* Source Files */ = {
			isa = PBXGroup;
			children = (
				1271674D490B423AA502C371 /* 02_03_count_k21099.cpp */,
			);
			name = "Source Files";
			sourceTree = "<group>";
		};
		35BE5EE2C6774A6AB6DADA2A /* ALL_BUILD */ = {
			isa = PBXGroup;
			children = (
				A73DB98A09A145FFB8AB3FB4 /* CMake Rules */,
				DA5FC7FA6E8B435DB3A618CE /* CMakeLists.txt */,
			);
			name = ALL_BUILD;
			sourceTree = "<group>";
		};
		A73DB98A09A145FFB8AB3FB4 /* CMake Rules */ = {
			isa = PBXGroup;
			children = (
			);
			name = "CMake Rules";
			sourceTree = "<group>";
		};
		AFE84C94C1A7449F884CFDCD = {
			isa = PBXGroup;
			children = (
				E2263B4671D7409DACC83B11 /* count */,
				35BE5EE2C6774A6AB6DADA2A /* ALL_BUILD */,
				E57CF306BD40489F908A475F /* Products */,
				EF0ED5366C5E41DCA8703AA8 /* Frameworks */,
			);
			sourceTree = "<group>";
		};
		E2263B4671D7409DACC83B11 /* count */ = {
			isa = PBXGroup;
			children = (
				13A950C729D643C79EBE1142 /* Source Files */,
				4A1A6E5146914BFCA25611B8 /* CMakeLists.txt */,
			);
			name = count;
			sourceTree = "<group>";
		};
		E57CF306BD40489F908A475F /* Products */ = {
			isa = PBXGroup;
			children = (
				AE05786FA53E455391D96992 /* count */,
			);
			name = Products;
			sourceTree = "<group>";
		};
		EF0ED5366C5E41DCA8703AA8 /* Frameworks */ = {
			isa = PBXGroup;
			children = (
			);
			name = Frameworks;
			sourceTree = "<group>";
		};
/* End PBXGroup section */

/* Begin PBXNativeTarget section */
		42B6469116B14B3DADB53154 /* count */ = {
			isa = PBXNativeTarget;
			buildConfigurationList = E9A2E4C185EB4B13AB13459E /* Build configuration list for PBXNativeTarget "count" */;
			buildPhases = (
				A2791EA1345440FFAED53604 /* Sources */,
				C1013C3C7B954775B03C2D24 /* Frameworks */,
			);
			buildRules = (
			);
			dependencies = (
			);
			name = count;
			productName = count;
			productReference = AE05786FA53E455391D96992 /* count */;
			productType = "com.apple.product-type.tool";
		};
/* End PBXNativeTarget section */

/* Begin PBXProject section */
		53DDEB3560A44B7B8E23C301 /* Project object */ = {
			isa = PBXProject;
			attributes = {
				LastUpgradeCheck = 1310;
			};
			buildConfigurationList = 4D6FC7504F5A4C44977587D7 /* Build configuration list for PBXProject "count" */;
			compatibilityVersion = "Xcode 3.2";
			developmentRegion = en;
			hasScannedForEncodings = 0;
			knownRegions = (
				en,
				Base,
			);
			mainGroup = AFE84C94C1A7449F884CFDCD;
			projectDirPath = "";
			projectRoot = "";
			targets = (
				42B6469116B14B3DADB53154 /* count */,
			);
		};
/* End PBXProject section */

/* Begin PBXSourcesBuildPhase section */
		A2791EA1345440FFAED53604 /* Sources */ = {
			isa = PBXSourcesBuildPhase;
			buildActionMask = 2147483647;
			files = (
				4218BA829C994C059EC1C47D /* 02_03_count_k21099.cpp in Sources */,
			);
			runOnlyForDeploymentPostprocessing = 0;
		};
/* End PBXSourcesBuildPhase section */

/* Begin XCBuildConfiguration section */
		04630CA244C94FCC89C75C69 /* RelWithDebInfo */ = {
			isa = XCBuildConfiguration;
			buildSettings = {
				ARCHS = arm64;
				COMBINE_HIDPI_IMAGES = YES;
				EXECUTABLE_PREFIX = "";
				EXECUTABLE_SUFFIX = "";
				GCC_GENERATE_DEBUGGING_SYMBOLS = YES;
				GCC_INLINES_ARE_PRIVATE_EXTERN = NO;
				GCC_OPTIMIZATION_LEVEL = 2;
				GCC_PREPROCESSOR_DEFINITIONS = (
					"'CMAKE_INTDIR=\"$(CONFIGURATION)$(EFFECTIVE_PLATFORM_NAME)\"'",
					"$(inherited)",
				);
				GCC_SYMBOLS_PRIVATE_EXTERN = NO;
				INSTALL_PATH = "";
				LD_RUNPATH_SEARCH_PATHS = "/opt/homebrew/lib $(inherited)";
				ONLY_ACTIVE_ARCH = NO;
				OTHER_CPLUSPLUSFLAGS = (
					"-DNDEBUG",
					"'-std=gnu++11'",
				);
				OTHER_LDFLAGS = (
					"-Wl,-search_paths_first",
					"-Wl,-headerpad_max_install_names",
					/opt/homebrew/lib/libopencv_gapi.4.5.4.dylib,
					/opt/homebrew/lib/libopencv_stitching.4.5.4.dylib,
					/opt/homebrew/lib/libopencv_alphamat.4.5.4.dylib,
					/opt/homebrew/lib/libopencv_aruco.4.5.4.dylib,
					/opt/homebrew/lib/libopencv_barcode.4.5.4.dylib,
					/opt/homebrew/lib/libopencv_bgsegm.4.5.4.dylib,
					/opt/homebrew/lib/libopencv_bioinspired.4.5.4.dylib,
					/opt/homebrew/lib/libopencv_ccalib.4.5.4.dylib,
					/opt/homebrew/lib/libopencv_dnn_objdetect.4.5.4.dylib,
					/opt/homebrew/lib/libopencv_dnn_superres.4.5.4.dylib,
					/opt/homebrew/lib/libopencv_dpm.4.5.4.dylib,
					/opt/homebrew/lib/libopencv_face.4.5.4.dylib,
					/opt/homebrew/lib/libopencv_freetype.4.5.4.dylib,
					/opt/homebrew/lib/libopencv_fuzzy.4.5.4.dylib,
					/opt/homebrew/lib/libopencv_hfs.4.5.4.dylib,
					/opt/homebrew/lib/libopencv_img_hash.4.5.4.dylib,
					/opt/homebrew/lib/libopencv_intensity_transform.4.5.4.dylib,
					/opt/homebrew/lib/libopencv_line_descriptor.4.5.4.dylib,
					/opt/homebrew/lib/libopencv_mcc.4.5.4.dylib,
					/opt/homebrew/lib/libopencv_quality.4.5.4.dylib,
					/opt/homebrew/lib/libopencv_rapid.4.5.4.dylib,
					/opt/homebrew/lib/libopencv_reg.4.5.4.dylib,
					/opt/homebrew/lib/libopencv_rgbd.4.5.4.dylib,
					/opt/homebrew/lib/libopencv_saliency.4.5.4.dylib,
					/opt/homebrew/lib/libopencv_sfm.4.5.4.dylib,
					/opt/homebrew/lib/libopencv_stereo.4.5.4.dylib,
					/opt/homebrew/lib/libopencv_structured_light.4.5.4.dylib,
					/opt/homebrew/lib/libopencv_superres.4.5.4.dylib,
					/opt/homebrew/lib/libopencv_surface_matching.4.5.4.dylib,
					/opt/homebrew/lib/libopencv_tracking.4.5.4.dylib,
					/opt/homebrew/lib/libopencv_videostab.4.5.4.dylib,
					/opt/homebrew/lib/libopencv_viz.4.5.4.dylib,
					/opt/homebrew/lib/libopencv_wechat_qrcode.4.5.4.dylib,
					/opt/homebrew/lib/libopencv_xfeatures2d.4.5.4.dylib,
					/opt/homebrew/lib/libopencv_xobjdetect.4.5.4.dylib,
					/opt/homebrew/lib/libopencv_xphoto.4.5.4.dylib,
					/opt/homebrew/lib/libopencv_shape.4.5.4.dylib,
					/opt/homebrew/lib/libopencv_highgui.4.5.4.dylib,
					/opt/homebrew/lib/libopencv_datasets.4.5.4.dylib,
					/opt/homebrew/lib/libopencv_plot.4.5.4.dylib,
					/opt/homebrew/lib/libopencv_text.4.5.4.dylib,
					/opt/homebrew/lib/libopencv_ml.4.5.4.dylib,
					/opt/homebrew/lib/libopencv_phase_unwrapping.4.5.4.dylib,
					/opt/homebrew/lib/libopencv_optflow.4.5.4.dylib,
					/opt/homebrew/lib/libopencv_ximgproc.4.5.4.dylib,
					/opt/homebrew/lib/libopencv_video.4.5.4.dylib,
					/opt/homebrew/lib/libopencv_videoio.4.5.4.dylib,
					/opt/homebrew/lib/libopencv_imgcodecs.4.5.4.dylib,
					/opt/homebrew/lib/libopencv_objdetect.4.5.4.dylib,
					/opt/homebrew/lib/libopencv_calib3d.4.5.4.dylib,
					/opt/homebrew/lib/libopencv_dnn.4.5.4.dylib,
					/opt/homebrew/lib/libopencv_features2d.4.5.4.dylib,
					/opt/homebrew/lib/libopencv_flann.4.5.4.dylib,
					/opt/homebrew/lib/libopencv_photo.4.5.4.dylib,
					/opt/homebrew/lib/libopencv_imgproc.4.5.4.dylib,
					/opt/homebrew/lib/libopencv_core.4.5.4.dylib,
					"$(inherited)",
				);
				OTHER_REZFLAGS = "";
				PRODUCT_NAME = count;
				SECTORDER_FLAGS = "";
				SYMROOT = "/Users/k21099kk/src/imgProc/第2回/count";
				SYSTEM_HEADER_SEARCH_PATHS = "/opt/homebrew/Cellar/opencv/4.5.4_2/include/opencv4 $(inherited)";
				USE_HEADERMAP = NO;
				WARNING_CFLAGS = "$(inherited)";
			};
			name = RelWithDebInfo;
		};
		12C277924C074381A5F37127 /* Release */ = {
			isa = XCBuildConfiguration;
			buildSettings = {
				ARCHS = arm64;
				MACOSX_DEPLOYMENT_TARGET = 11.6;
				SDKROOT = /Applications/Xcode.app/Contents/Developer/Platforms/MacOSX.platform/Developer/SDKs/MacOSX12.0.sdk;
				SYMROOT = "/Users/k21099kk/src/imgProc/第2回/count/build";
			};
			name = Release;
		};
		9A7436ABED244717A069C4FF /* Debug */ = {
			isa = XCBuildConfiguration;
			buildSettings = {
				ARCHS = arm64;
				COMBINE_HIDPI_IMAGES = YES;
				EXECUTABLE_PREFIX = "";
				EXECUTABLE_SUFFIX = "";
				GCC_GENERATE_DEBUGGING_SYMBOLS = YES;
				GCC_INLINES_ARE_PRIVATE_EXTERN = NO;
				GCC_OPTIMIZATION_LEVEL = 0;
				GCC_PREPROCESSOR_DEFINITIONS = (
					"'CMAKE_INTDIR=\"$(CONFIGURATION)$(EFFECTIVE_PLATFORM_NAME)\"'",
					"$(inherited)",
				);
				GCC_SYMBOLS_PRIVATE_EXTERN = NO;
				INSTALL_PATH = "";
				LD_RUNPATH_SEARCH_PATHS = "/opt/homebrew/lib $(inherited)";
				ONLY_ACTIVE_ARCH = NO;
				OTHER_CPLUSPLUSFLAGS = "   '-std=gnu++11' ";
				OTHER_LDFLAGS = (
					"-Wl,-search_paths_first",
					"-Wl,-headerpad_max_install_names",
					/opt/homebrew/lib/libopencv_gapi.4.5.4.dylib,
					/opt/homebrew/lib/libopencv_stitching.4.5.4.dylib,
					/opt/homebrew/lib/libopencv_alphamat.4.5.4.dylib,
					/opt/homebrew/lib/libopencv_aruco.4.5.4.dylib,
					/opt/homebrew/lib/libopencv_barcode.4.5.4.dylib,
					/opt/homebrew/lib/libopencv_bgsegm.4.5.4.dylib,
					/opt/homebrew/lib/libopencv_bioinspired.4.5.4.dylib,
					/opt/homebrew/lib/libopencv_ccalib.4.5.4.dylib,
					/opt/homebrew/lib/libopencv_dnn_objdetect.4.5.4.dylib,
					/opt/homebrew/lib/libopencv_dnn_superres.4.5.4.dylib,
					/opt/homebrew/lib/libopencv_dpm.4.5.4.dylib,
					/opt/homebrew/lib/libopencv_face.4.5.4.dylib,
					/opt/homebrew/lib/libopencv_freetype.4.5.4.dylib,
					/opt/homebrew/lib/libopencv_fuzzy.4.5.4.dylib,
					/opt/homebrew/lib/libopencv_hfs.4.5.4.dylib,
					/opt/homebrew/lib/libopencv_img_hash.4.5.4.dylib,
					/opt/homebrew/lib/libopencv_intensity_transform.4.5.4.dylib,
					/opt/homebrew/lib/libopencv_line_descriptor.4.5.4.dylib,
					/opt/homebrew/lib/libopencv_mcc.4.5.4.dylib,
					/opt/homebrew/lib/libopencv_quality.4.5.4.dylib,
					/opt/homebrew/lib/libopencv_rapid.4.5.4.dylib,
					/opt/homebrew/lib/libopencv_reg.4.5.4.dylib,
					/opt/homebrew/lib/libopencv_rgbd.4.5.4.dylib,
					/opt/homebrew/lib/libopencv_saliency.4.5.4.dylib,
					/opt/homebrew/lib/libopencv_sfm.4.5.4.dylib,
					/opt/homebrew/lib/libopencv_stereo.4.5.4.dylib,
					/opt/homebrew/lib/libopencv_structured_light.4.5.4.dylib,
					/opt/homebrew/lib/libopencv_superres.4.5.4.dylib,
					/opt/homebrew/lib/libopencv_surface_matching.4.5.4.dylib,
					/opt/homebrew/lib/libopencv_tracking.4.5.4.dylib,
					/opt/homebrew/lib/libopencv_videostab.4.5.4.dylib,
					/opt/homebrew/lib/libopencv_viz.4.5.4.dylib,
					/opt/homebrew/lib/libopencv_wechat_qrcode.4.5.4.dylib,
					/opt/homebrew/lib/libopencv_xfeatures2d.4.5.4.dylib,
					/opt/homebrew/lib/libopencv_xobjdetect.4.5.4.dylib,
					/opt/homebrew/lib/libopencv_xphoto.4.5.4.dylib,
					/opt/homebrew/lib/libopencv_shape.4.5.4.dylib,
					/opt/homebrew/lib/libopencv_highgui.4.5.4.dylib,
					/opt/homebrew/lib/libopencv_datasets.4.5.4.dylib,
					/opt/homebrew/lib/libopencv_plot.4.5.4.dylib,
					/opt/homebrew/lib/libopencv_text.4.5.4.dylib,
					/opt/homebrew/lib/libopencv_ml.4.5.4.dylib,
					/opt/homebrew/lib/libopencv_phase_unwrapping.4.5.4.dylib,
					/opt/homebrew/lib/libopencv_optflow.4.5.4.dylib,
					/opt/homebrew/lib/libopencv_ximgproc.4.5.4.dylib,
					/opt/homebrew/lib/libopencv_video.4.5.4.dylib,
					/opt/homebrew/lib/libopencv_videoio.4.5.4.dylib,
					/opt/homebrew/lib/libopencv_imgcodecs.4.5.4.dylib,
					/opt/homebrew/lib/libopencv_objdetect.4.5.4.dylib,
					/opt/homebrew/lib/libopencv_calib3d.4.5.4.dylib,
					/opt/homebrew/lib/libopencv_dnn.4.5.4.dylib,
					/opt/homebrew/lib/libopencv_features2d.4.5.4.dylib,
					/opt/homebrew/lib/libopencv_flann.4.5.4.dylib,
					/opt/homebrew/lib/libopencv_photo.4.5.4.dylib,
					/opt/homebrew/lib/libopencv_imgproc.4.5.4.dylib,
					/opt/homebrew/lib/libopencv_core.4.5.4.dylib,
					"$(inherited)",
				);
				OTHER_REZFLAGS = "";
				PRODUCT_NAME = count;
				SECTORDER_FLAGS = "";
				SYMROOT = "/Users/k21099kk/src/imgProc/第2回/count";
				SYSTEM_HEADER_SEARCH_PATHS = "/opt/homebrew/Cellar/opencv/4.5.4_2/include/opencv4 $(inherited)";
				USE_HEADERMAP = NO;
				WARNING_CFLAGS = "$(inherited)";
			};
			name = Debug;
		};
		ACC5BF0384E242B6AB9E3B75 /* Release */ = {
			isa = XCBuildConfiguration;
			buildSettings = {
				ARCHS = arm64;
				COMBINE_HIDPI_IMAGES = YES;
				EXECUTABLE_PREFIX = "";
				EXECUTABLE_SUFFIX = "";
				GCC_GENERATE_DEBUGGING_SYMBOLS = NO;
				GCC_INLINES_ARE_PRIVATE_EXTERN = NO;
				GCC_OPTIMIZATION_LEVEL = 3;
				GCC_PREPROCESSOR_DEFINITIONS = (
					"'CMAKE_INTDIR=\"$(CONFIGURATION)$(EFFECTIVE_PLATFORM_NAME)\"'",
					"$(inherited)",
				);
				GCC_SYMBOLS_PRIVATE_EXTERN = NO;
				INSTALL_PATH = "";
				LD_RUNPATH_SEARCH_PATHS = "/opt/homebrew/lib $(inherited)";
				ONLY_ACTIVE_ARCH = NO;
				OTHER_CPLUSPLUSFLAGS = (
					"-DNDEBUG",
					"'-std=gnu++11'",
				);
				OTHER_LDFLAGS = (
					"-Wl,-search_paths_first",
					"-Wl,-headerpad_max_install_names",
					/opt/homebrew/lib/libopencv_gapi.4.5.4.dylib,
					/opt/homebrew/lib/libopencv_stitching.4.5.4.dylib,
					/opt/homebrew/lib/libopencv_alphamat.4.5.4.dylib,
					/opt/homebrew/lib/libopencv_aruco.4.5.4.dylib,
					/opt/homebrew/lib/libopencv_barcode.4.5.4.dylib,
					/opt/homebrew/lib/libopencv_bgsegm.4.5.4.dylib,
					/opt/homebrew/lib/libopencv_bioinspired.4.5.4.dylib,
					/opt/homebrew/lib/libopencv_ccalib.4.5.4.dylib,
					/opt/homebrew/lib/libopencv_dnn_objdetect.4.5.4.dylib,
					/opt/homebrew/lib/libopencv_dnn_superres.4.5.4.dylib,
					/opt/homebrew/lib/libopencv_dpm.4.5.4.dylib,
					/opt/homebrew/lib/libopencv_face.4.5.4.dylib,
					/opt/homebrew/lib/libopencv_freetype.4.5.4.dylib,
					/opt/homebrew/lib/libopencv_fuzzy.4.5.4.dylib,
					/opt/homebrew/lib/libopencv_hfs.4.5.4.dylib,
					/opt/homebrew/lib/libopencv_img_hash.4.5.4.dylib,
					/opt/homebrew/lib/libopencv_intensity_transform.4.5.4.dylib,
					/opt/homebrew/lib/libopencv_line_descriptor.4.5.4.dylib,
					/opt/homebrew/lib/libopencv_mcc.4.5.4.dylib,
					/opt/homebrew/lib/libopencv_quality.4.5.4.dylib,
					/opt/homebrew/lib/libopencv_rapid.4.5.4.dylib,
					/opt/homebrew/lib/libopencv_reg.4.5.4.dylib,
					/opt/homebrew/lib/libopencv_rgbd.4.5.4.dylib,
					/opt/homebrew/lib/libopencv_saliency.4.5.4.dylib,
					/opt/homebrew/lib/libopencv_sfm.4.5.4.dylib,
					/opt/homebrew/lib/libopencv_stereo.4.5.4.dylib,
					/opt/homebrew/lib/libopencv_structured_light.4.5.4.dylib,
					/opt/homebrew/lib/libopencv_superres.4.5.4.dylib,
					/opt/homebrew/lib/libopencv_surface_matching.4.5.4.dylib,
					/opt/homebrew/lib/libopencv_tracking.4.5.4.dylib,
					/opt/homebrew/lib/libopencv_videostab.4.5.4.dylib,
					/opt/homebrew/lib/libopencv_viz.4.5.4.dylib,
					/opt/homebrew/lib/libopencv_wechat_qrcode.4.5.4.dylib,
					/opt/homebrew/lib/libopencv_xfeatures2d.4.5.4.dylib,
					/opt/homebrew/lib/libopencv_xobjdetect.4.5.4.dylib,
					/opt/homebrew/lib/libopencv_xphoto.4.5.4.dylib,
					/opt/homebrew/lib/libopencv_shape.4.5.4.dylib,
					/opt/homebrew/lib/libopencv_highgui.4.5.4.dylib,
					/opt/homebrew/lib/libopencv_datasets.4.5.4.dylib,
					/opt/homebrew/lib/libopencv_plot.4.5.4.dylib,
					/opt/homebrew/lib/libopencv_text.4.5.4.dylib,
					/opt/homebrew/lib/libopencv_ml.4.5.4.dylib,
					/opt/homebrew/lib/libopencv_phase_unwrapping.4.5.4.dylib,
					/opt/homebrew/lib/libopencv_optflow.4.5.4.dylib,
					/opt/homebrew/lib/libopencv_ximgproc.4.5.4.dylib,
					/opt/homebrew/lib/libopencv_video.4.5.4.dylib,
					/opt/homebrew/lib/libopencv_videoio.4.5.4.dylib,
					/opt/homebrew/lib/libopencv_imgcodecs.4.5.4.dylib,
					/opt/homebrew/lib/libopencv_objdetect.4.5.4.dylib,
					/opt/homebrew/lib/libopencv_calib3d.4.5.4.dylib,
					/opt/homebrew/lib/libopencv_dnn.4.5.4.dylib,
					/opt/homebrew/lib/libopencv_features2d.4.5.4.dylib,
					/opt/homebrew/lib/libopencv_flann.4.5.4.dylib,
					/opt/homebrew/lib/libopencv_photo.4.5.4.dylib,
					/opt/homebrew/lib/libopencv_imgproc.4.5.4.dylib,
					/opt/homebrew/lib/libopencv_core.4.5.4.dylib,
					"$(inherited)",
				);
				OTHER_REZFLAGS = "";
				PRODUCT_NAME = count;
				SECTORDER_FLAGS = "";
				SYMROOT = "/Users/k21099kk/src/imgProc/第2回/count";
				SYSTEM_HEADER_SEARCH_PATHS = "/opt/homebrew/Cellar/opencv/4.5.4_2/include/opencv4 $(inherited)";
				USE_HEADERMAP = NO;
				WARNING_CFLAGS = "$(inherited)";
			};
			name = Release;
		};
		BA390D01BAD847F8A453BFA3 /* MinSizeRel */ = {
			isa = XCBuildConfiguration;
			buildSettings = {
				ARCHS = arm64;
				COMBINE_HIDPI_IMAGES = YES;
				EXECUTABLE_PREFIX = "";
				EXECUTABLE_SUFFIX = "";
				GCC_GENERATE_DEBUGGING_SYMBOLS = NO;
				GCC_INLINES_ARE_PRIVATE_EXTERN = NO;
				GCC_OPTIMIZATION_LEVEL = s;
				GCC_PREPROCESSOR_DEFINITIONS = (
					"'CMAKE_INTDIR=\"$(CONFIGURATION)$(EFFECTIVE_PLATFORM_NAME)\"'",
					"$(inherited)",
				);
				GCC_SYMBOLS_PRIVATE_EXTERN = NO;
				INSTALL_PATH = "";
				LD_RUNPATH_SEARCH_PATHS = "/opt/homebrew/lib $(inherited)";
				ONLY_ACTIVE_ARCH = NO;
				OTHER_CPLUSPLUSFLAGS = (
					"-DNDEBUG",
					"'-std=gnu++11'",
				);
				OTHER_LDFLAGS = (
					"-Wl,-search_paths_first",
					"-Wl,-headerpad_max_install_names",
					/opt/homebrew/lib/libopencv_gapi.4.5.4.dylib,
					/opt/homebrew/lib/libopencv_stitching.4.5.4.dylib,
					/opt/homebrew/lib/libopencv_alphamat.4.5.4.dylib,
					/opt/homebrew/lib/libopencv_aruco.4.5.4.dylib,
					/opt/homebrew/lib/libopencv_barcode.4.5.4.dylib,
					/opt/homebrew/lib/libopencv_bgsegm.4.5.4.dylib,
					/opt/homebrew/lib/libopencv_bioinspired.4.5.4.dylib,
					/opt/homebrew/lib/libopencv_ccalib.4.5.4.dylib,
					/opt/homebrew/lib/libopencv_dnn_objdetect.4.5.4.dylib,
					/opt/homebrew/lib/libopencv_dnn_superres.4.5.4.dylib,
					/opt/homebrew/lib/libopencv_dpm.4.5.4.dylib,
					/opt/homebrew/lib/libopencv_face.4.5.4.dylib,
					/opt/homebrew/lib/libopencv_freetype.4.5.4.dylib,
					/opt/homebrew/lib/libopencv_fuzzy.4.5.4.dylib,
					/opt/homebrew/lib/libopencv_hfs.4.5.4.dylib,
					/opt/homebrew/lib/libopencv_img_hash.4.5.4.dylib,
					/opt/homebrew/lib/libopencv_intensity_transform.4.5.4.dylib,
					/opt/homebrew/lib/libopencv_line_descriptor.4.5.4.dylib,
					/opt/homebrew/lib/libopencv_mcc.4.5.4.dylib,
					/opt/homebrew/lib/libopencv_quality.4.5.4.dylib,
					/opt/homebrew/lib/libopencv_rapid.4.5.4.dylib,
					/opt/homebrew/lib/libopencv_reg.4.5.4.dylib,
					/opt/homebrew/lib/libopencv_rgbd.4.5.4.dylib,
					/opt/homebrew/lib/libopencv_saliency.4.5.4.dylib,
					/opt/homebrew/lib/libopencv_sfm.4.5.4.dylib,
					/opt/homebrew/lib/libopencv_stereo.4.5.4.dylib,
					/opt/homebrew/lib/libopencv_structured_light.4.5.4.dylib,
					/opt/homebrew/lib/libopencv_superres.4.5.4.dylib,
					/opt/homebrew/lib/libopencv_surface_matching.4.5.4.dylib,
					/opt/homebrew/lib/libopencv_tracking.4.5.4.dylib,
					/opt/homebrew/lib/libopencv_videostab.4.5.4.dylib,
					/opt/homebrew/lib/libopencv_viz.4.5.4.dylib,
					/opt/homebrew/lib/libopencv_wechat_qrcode.4.5.4.dylib,
					/opt/homebrew/lib/libopencv_xfeatures2d.4.5.4.dylib,
					/opt/homebrew/lib/libopencv_xobjdetect.4.5.4.dylib,
					/opt/homebrew/lib/libopencv_xphoto.4.5.4.dylib,
					/opt/homebrew/lib/libopencv_shape.4.5.4.dylib,
					/opt/homebrew/lib/libopencv_highgui.4.5.4.dylib,
					/opt/homebrew/lib/libopencv_datasets.4.5.4.dylib,
					/opt/homebrew/lib/libopencv_plot.4.5.4.dylib,
					/opt/homebrew/lib/libopencv_text.4.5.4.dylib,
					/opt/homebrew/lib/libopencv_ml.4.5.4.dylib,
					/opt/homebrew/lib/libopencv_phase_unwrapping.4.5.4.dylib,
					/opt/homebrew/lib/libopencv_optflow.4.5.4.dylib,
					/opt/homebrew/lib/libopencv_ximgproc.4.5.4.dylib,
					/opt/homebrew/lib/libopencv_video.4.5.4.dylib,
					/opt/homebrew/lib/libopencv_videoio.4.5.4.dylib,
					/opt/homebrew/lib/libopencv_imgcodecs.4.5.4.dylib,
					/opt/homebrew/lib/libopencv_objdetect.4.5.4.dylib,
					/opt/homebrew/lib/libopencv_calib3d.4.5.4.dylib,
					/opt/homebrew/lib/libopencv_dnn.4.5.4.dylib,
					/opt/homebrew/lib/libopencv_features2d.4.5.4.dylib,
					/opt/homebrew/lib/libopencv_flann.4.5.4.dylib,
					/opt/homebrew/lib/libopencv_photo.4.5.4.dylib,
					/opt/homebrew/lib/libopencv_imgproc.4.5.4.dylib,
					/opt/homebrew/lib/libopencv_core.4.5.4.dylib,
					"$(inherited)",
				);
				OTHER_REZFLAGS = "";
				PRODUCT_NAME = count;
				SECTORDER_FLAGS = "";
				SYMROOT = "/Users/k21099kk/src/imgProc/第2回/count";
				SYSTEM_HEADER_SEARCH_PATHS = "/opt/homebrew/Cellar/opencv/4.5.4_2/include/opencv4 $(inherited)";
				USE_HEADERMAP = NO;
				WARNING_CFLAGS = "$(inherited)";
			};
			name = MinSizeRel;
		};
		E6A0DCF18123443C9EA83765 /* Debug */ = {
			isa = XCBuildConfiguration;
			buildSettings = {
				ARCHS = arm64;
				MACOSX_DEPLOYMENT_TARGET = 11.6;
				SDKROOT = /Applications/Xcode.app/Contents/Developer/Platforms/MacOSX.platform/Developer/SDKs/MacOSX12.0.sdk;
				SYMROOT = "/Users/k21099kk/src/imgProc/第2回/count/build";
			};
			name = Debug;
		};
		E8950029C9444B9787157AD2 /* RelWithDebInfo */ = {
			isa = XCBuildConfiguration;
			buildSettings = {
				ARCHS = arm64;
				MACOSX_DEPLOYMENT_TARGET = 11.6;
				SDKROOT = /Applications/Xcode.app/Contents/Developer/Platforms/MacOSX.platform/Developer/SDKs/MacOSX12.0.sdk;
				SYMROOT = "/Users/k21099kk/src/imgProc/第2回/count/build";
			};
			name = RelWithDebInfo;
		};
		FC96BC16C92F4E6BB94775CB /* MinSizeRel */ = {
			isa = XCBuildConfiguration;
			buildSettings = {
				ARCHS = arm64;
				MACOSX_DEPLOYMENT_TARGET = 11.6;
				SDKROOT = /Applications/Xcode.app/Contents/Developer/Platforms/MacOSX.platform/Developer/SDKs/MacOSX12.0.sdk;
				SYMROOT = "/Users/k21099kk/src/imgProc/第2回/count/build";
			};
			name = MinSizeRel;
		};
/* End XCBuildConfiguration section */

/* Begin XCConfigurationList section */
		4D6FC7504F5A4C44977587D7 /* Build configuration list for PBXProject "count" */ = {
			isa = XCConfigurationList;
			buildConfigurations = (
				E6A0DCF18123443C9EA83765 /* Debug */,
				12C277924C074381A5F37127 /* Release */,
				FC96BC16C92F4E6BB94775CB /* MinSizeRel */,
				E8950029C9444B9787157AD2 /* RelWithDebInfo */,
			);
			defaultConfigurationIsVisible = 0;
			defaultConfigurationName = Debug;
		};
		E9A2E4C185EB4B13AB13459E /* Build configuration list for PBXNativeTarget "count" */ = {
			isa = XCConfigurationList;
			buildConfigurations = (
				9A7436ABED244717A069C4FF /* Debug */,
				ACC5BF0384E242B6AB9E3B75 /* Release */,
				BA390D01BAD847F8A453BFA3 /* MinSizeRel */,
				04630CA244C94FCC89C75C69 /* RelWithDebInfo */,
			);
			defaultConfigurationIsVisible = 0;
			defaultConfigurationName = Debug;
		};
/* End XCConfigurationList section */
	};
	rootObject = 53DDEB3560A44B7B8E23C301 /* Project object */;
}
