// !$*UTF8*$!
{
	archiveVersion = 1;
	classes = {
	};
	objectVersion = 46;
	objects = {

/* Begin PBXBuildFile section */
		8AD9F2D857E744CBADF9FE5E /* main.cpp in Sources */ = {isa = PBXBuildFile; fileRef = B76F6DEC61CB4CE4A700688E /* main.cpp */; };
/* End PBXBuildFile section */

/* Begin PBXFileReference section */
		008C05EBDCFA41FD94A759F6 /* CMakeLists.txt */ = {isa = PBXFileReference; explicitFileType = sourcecode.text; fileEncoding = 4; lastKnownFileType = text; path = CMakeLists.txt; sourceTree = SOURCE_ROOT; };
		B76F6DEC61CB4CE4A700688E /* main.cpp */ = {isa = PBXFileReference; explicitFileType = sourcecode.cpp.cpp; fileEncoding = 4; path = main.cpp; sourceTree = SOURCE_ROOT; };
		C2173573A2B2467DA6AA37D1 /* CMakeLists.txt */ = {isa = PBXFileReference; explicitFileType = sourcecode.text; fileEncoding = 4; lastKnownFileType = text; path = CMakeLists.txt; sourceTree = SOURCE_ROOT; };
		E81DCB6206C74E6B9FFEB0AB /* main */ = {isa = PBXFileReference; explicitFileType = "compiled.mach-o.executable"; path = main; sourceTree = BUILT_PRODUCTS_DIR; };
/* End PBXFileReference section */

/* Begin PBXFrameworksBuildPhase section */
		B1416899AD2B4C3DB7D802D2 /* Frameworks */ = {
			isa = PBXFrameworksBuildPhase;
			buildActionMask = 2147483647;
			files = (
			);
			runOnlyForDeploymentPostprocessing = 0;
		};
/* End PBXFrameworksBuildPhase section */

/* Begin PBXGroup section */
		0D014680E23C40DFA21E8338 /* ALL_BUILD */ = {
			isa = PBXGroup;
			children = (
				404CA4E0FAF643B2B37A5B4D /* CMake Rules */,
				C2173573A2B2467DA6AA37D1 /* CMakeLists.txt */,
			);
			name = ALL_BUILD;
			sourceTree = "<group>";
		};
		404CA4E0FAF643B2B37A5B4D /* CMake Rules */ = {
			isa = PBXGroup;
			children = (
			);
			name = "CMake Rules";
			sourceTree = "<group>";
		};
		5719A3BD62F6443AA240DA22 /* main */ = {
			isa = PBXGroup;
			children = (
				58D467AD4E754CCDBA4169C0 /* Source Files */,
				008C05EBDCFA41FD94A759F6 /* CMakeLists.txt */,
			);
			name = main;
			sourceTree = "<group>";
		};
		58D467AD4E754CCDBA4169C0 /* Source Files */ = {
			isa = PBXGroup;
			children = (
				B76F6DEC61CB4CE4A700688E /* main.cpp */,
			);
			name = "Source Files";
			sourceTree = "<group>";
		};
		8E5CCC423FC140F7A474383E = {
			isa = PBXGroup;
			children = (
				5719A3BD62F6443AA240DA22 /* main */,
				0D014680E23C40DFA21E8338 /* ALL_BUILD */,
				C83EB6DA33F24008B378362E /* Products */,
				A41EBF075B3441C280069AFE /* Frameworks */,
			);
			sourceTree = "<group>";
		};
		A41EBF075B3441C280069AFE /* Frameworks */ = {
			isa = PBXGroup;
			children = (
			);
			name = Frameworks;
			sourceTree = "<group>";
		};
		C83EB6DA33F24008B378362E /* Products */ = {
			isa = PBXGroup;
			children = (
				E81DCB6206C74E6B9FFEB0AB /* main */,
			);
			name = Products;
			sourceTree = "<group>";
		};
/* End PBXGroup section */

/* Begin PBXNativeTarget section */
		BDC04F812A0943C3A8A5D0A7 /* main */ = {
			isa = PBXNativeTarget;
			buildConfigurationList = 27FEA28B5C0C423F9A0A107D /* Build configuration list for PBXNativeTarget "main" */;
			buildPhases = (
				3681FC56A43F43DB8C791F08 /* Sources */,
				B1416899AD2B4C3DB7D802D2 /* Frameworks */,
			);
			buildRules = (
			);
			dependencies = (
			);
			name = main;
			productName = main;
			productReference = E81DCB6206C74E6B9FFEB0AB /* main */;
			productType = "com.apple.product-type.tool";
		};
/* End PBXNativeTarget section */

/* Begin PBXProject section */
		971A6CF58FB544CD95C911A4 /* Project object */ = {
			isa = PBXProject;
			attributes = {
				LastUpgradeCheck = 1340;
			};
			buildConfigurationList = 51FB22DAB2554BE9A4683A20 /* Build configuration list for PBXProject "main" */;
			compatibilityVersion = "Xcode 3.2";
			developmentRegion = en;
			hasScannedForEncodings = 0;
			knownRegions = (
				en,
				Base,
			);
			mainGroup = 8E5CCC423FC140F7A474383E;
			projectDirPath = "";
			projectRoot = "";
			targets = (
				BDC04F812A0943C3A8A5D0A7 /* main */,
			);
		};
/* End PBXProject section */

/* Begin PBXSourcesBuildPhase section */
		3681FC56A43F43DB8C791F08 /* Sources */ = {
			isa = PBXSourcesBuildPhase;
			buildActionMask = 2147483647;
			files = (
				8AD9F2D857E744CBADF9FE5E /* main.cpp in Sources */,
			);
			runOnlyForDeploymentPostprocessing = 0;
		};
/* End PBXSourcesBuildPhase section */

/* Begin XCBuildConfiguration section */
		1838A0723DEB4A339EBD5DC1 /* Release */ = {
			isa = XCBuildConfiguration;
			buildSettings = {
				ARCHS = arm64;
				SDKROOT = /Applications/Xcode.app/Contents/Developer/Platforms/MacOSX.platform/Developer/SDKs/MacOSX12.3.sdk;
				SYMROOT = "/Users/k21099kk/src/imgProc/第9回/contour/build";
			};
			name = Release;
		};
		1BCD408982694E2785497A60 /* MinSizeRel */ = {
			isa = XCBuildConfiguration;
			buildSettings = {
				ARCHS = arm64;
				SDKROOT = /Applications/Xcode.app/Contents/Developer/Platforms/MacOSX.platform/Developer/SDKs/MacOSX12.3.sdk;
				SYMROOT = "/Users/k21099kk/src/imgProc/第9回/contour/build";
			};
			name = MinSizeRel;
		};
		2E30A04D1EC84033BEBB738D /* RelWithDebInfo */ = {
			isa = XCBuildConfiguration;
			buildSettings = {
				ARCHS = arm64;
				SDKROOT = /Applications/Xcode.app/Contents/Developer/Platforms/MacOSX.platform/Developer/SDKs/MacOSX12.3.sdk;
				SYMROOT = "/Users/k21099kk/src/imgProc/第9回/contour/build";
			};
			name = RelWithDebInfo;
		};
		40B3ECFFA4D445B4B60AE813 /* Debug */ = {
			isa = XCBuildConfiguration;
			buildSettings = {
				ARCHS = arm64;
				COMBINE_HIDPI_IMAGES = YES;
				EXECUTABLE_PREFIX = "";
				EXECUTABLE_SUFFIX = "";
				GCC_GENERATE_DEBUGGING_SYMBOLS = YES;
				GCC_INLINES_ARE_PRIVATE_EXTERN = NO;
				GCC_OPTIMIZATION_LEVEL = 0;
				GCC_PREPROCESSOR_DEFINITIONS = (
					"'CMAKE_INTDIR=\"$(CONFIGURATION)$(EFFECTIVE_PLATFORM_NAME)\"'",
					"$(inherited)",
				);
				GCC_SYMBOLS_PRIVATE_EXTERN = NO;
				INSTALL_PATH = "";
				LD_RUNPATH_SEARCH_PATHS = "/opt/homebrew/lib $(inherited)";
				ONLY_ACTIVE_ARCH = NO;
				OTHER_CPLUSPLUSFLAGS = "   '-std=gnu++11' ";
				OTHER_LDFLAGS = (
					"-Wl,-search_paths_first",
					"-Wl,-headerpad_max_install_names",
					/opt/homebrew/lib/libopencv_gapi.4.5.5.dylib,
					/opt/homebrew/lib/libopencv_stitching.4.5.5.dylib,
					/opt/homebrew/lib/libopencv_alphamat.4.5.5.dylib,
					/opt/homebrew/lib/libopencv_aruco.4.5.5.dylib,
					/opt/homebrew/lib/libopencv_barcode.4.5.5.dylib,
					/opt/homebrew/lib/libopencv_bgsegm.4.5.5.dylib,
					/opt/homebrew/lib/libopencv_bioinspired.4.5.5.dylib,
					/opt/homebrew/lib/libopencv_ccalib.4.5.5.dylib,
					/opt/homebrew/lib/libopencv_dnn_objdetect.4.5.5.dylib,
					/opt/homebrew/lib/libopencv_dnn_superres.4.5.5.dylib,
					/opt/homebrew/lib/libopencv_dpm.4.5.5.dylib,
					/opt/homebrew/lib/libopencv_face.4.5.5.dylib,
					/opt/homebrew/lib/libopencv_freetype.4.5.5.dylib,
					/opt/homebrew/lib/libopencv_fuzzy.4.5.5.dylib,
					/opt/homebrew/lib/libopencv_hfs.4.5.5.dylib,
					/opt/homebrew/lib/libopencv_img_hash.4.5.5.dylib,
					/opt/homebrew/lib/libopencv_intensity_transform.4.5.5.dylib,
					/opt/homebrew/lib/libopencv_line_descriptor.4.5.5.dylib,
					/opt/homebrew/lib/libopencv_mcc.4.5.5.dylib,
					/opt/homebrew/lib/libopencv_quality.4.5.5.dylib,
					/opt/homebrew/lib/libopencv_rapid.4.5.5.dylib,
					/opt/homebrew/lib/libopencv_reg.4.5.5.dylib,
					/opt/homebrew/lib/libopencv_rgbd.4.5.5.dylib,
					/opt/homebrew/lib/libopencv_saliency.4.5.5.dylib,
					/opt/homebrew/lib/libopencv_sfm.4.5.5.dylib,
					/opt/homebrew/lib/libopencv_stereo.4.5.5.dylib,
					/opt/homebrew/lib/libopencv_structured_light.4.5.5.dylib,
					/opt/homebrew/lib/libopencv_superres.4.5.5.dylib,
					/opt/homebrew/lib/libopencv_surface_matching.4.5.5.dylib,
					/opt/homebrew/lib/libopencv_tracking.4.5.5.dylib,
					/opt/homebrew/lib/libopencv_videostab.4.5.5.dylib,
					/opt/homebrew/lib/libopencv_viz.4.5.5.dylib,
					/opt/homebrew/lib/libopencv_wechat_qrcode.4.5.5.dylib,
					/opt/homebrew/lib/libopencv_xfeatures2d.4.5.5.dylib,
					/opt/homebrew/lib/libopencv_xobjdetect.4.5.5.dylib,
					/opt/homebrew/lib/libopencv_xphoto.4.5.5.dylib,
					/opt/homebrew/lib/libopencv_shape.4.5.5.dylib,
					/opt/homebrew/lib/libopencv_highgui.4.5.5.dylib,
					/opt/homebrew/lib/libopencv_datasets.4.5.5.dylib,
					/opt/homebrew/lib/libopencv_plot.4.5.5.dylib,
					/opt/homebrew/lib/libopencv_text.4.5.5.dylib,
					/opt/homebrew/lib/libopencv_ml.4.5.5.dylib,
					/opt/homebrew/lib/libopencv_phase_unwrapping.4.5.5.dylib,
					/opt/homebrew/lib/libopencv_optflow.4.5.5.dylib,
					/opt/homebrew/lib/libopencv_ximgproc.4.5.5.dylib,
					/opt/homebrew/lib/libopencv_video.4.5.5.dylib,
					/opt/homebrew/lib/libopencv_videoio.4.5.5.dylib,
					/opt/homebrew/lib/libopencv_imgcodecs.4.5.5.dylib,
					/opt/homebrew/lib/libopencv_objdetect.4.5.5.dylib,
					/opt/homebrew/lib/libopencv_calib3d.4.5.5.dylib,
					/opt/homebrew/lib/libopencv_dnn.4.5.5.dylib,
					/opt/homebrew/lib/libopencv_features2d.4.5.5.dylib,
					/opt/homebrew/lib/libopencv_flann.4.5.5.dylib,
					/opt/homebrew/lib/libopencv_photo.4.5.5.dylib,
					/opt/homebrew/lib/libopencv_imgproc.4.5.5.dylib,
					/opt/homebrew/lib/libopencv_core.4.5.5.dylib,
					"$(inherited)",
				);
				OTHER_REZFLAGS = "";
				PRODUCT_NAME = main;
				SECTORDER_FLAGS = "";
				SYMROOT = "/Users/k21099kk/src/imgProc/第9回/contour";
				SYSTEM_HEADER_SEARCH_PATHS = "/opt/homebrew/Cellar/opencv/4.5.5_2/include/opencv4 $(inherited)";
				USE_HEADERMAP = NO;
				WARNING_CFLAGS = "$(inherited)";
			};
			name = Debug;
		};
		7BEF4A4BC054470192C96A54 /* Debug */ = {
			isa = XCBuildConfiguration;
			buildSettings = {
				ARCHS = arm64;
				SDKROOT = /Applications/Xcode.app/Contents/Developer/Platforms/MacOSX.platform/Developer/SDKs/MacOSX12.3.sdk;
				SYMROOT = "/Users/k21099kk/src/imgProc/第9回/contour/build";
			};
			name = Debug;
		};
		C366573D454A4B9D91855056 /* RelWithDebInfo */ = {
			isa = XCBuildConfiguration;
			buildSettings = {
				ARCHS = arm64;
				COMBINE_HIDPI_IMAGES = YES;
				EXECUTABLE_PREFIX = "";
				EXECUTABLE_SUFFIX = "";
				GCC_GENERATE_DEBUGGING_SYMBOLS = YES;
				GCC_INLINES_ARE_PRIVATE_EXTERN = NO;
				GCC_OPTIMIZATION_LEVEL = 2;
				GCC_PREPROCESSOR_DEFINITIONS = (
					"'CMAKE_INTDIR=\"$(CONFIGURATION)$(EFFECTIVE_PLATFORM_NAME)\"'",
					"$(inherited)",
				);
				GCC_SYMBOLS_PRIVATE_EXTERN = NO;
				INSTALL_PATH = "";
				LD_RUNPATH_SEARCH_PATHS = "/opt/homebrew/lib $(inherited)";
				ONLY_ACTIVE_ARCH = NO;
				OTHER_CPLUSPLUSFLAGS = (
					"-DNDEBUG",
					"'-std=gnu++11'",
				);
				OTHER_LDFLAGS = (
					"-Wl,-search_paths_first",
					"-Wl,-headerpad_max_install_names",
					/opt/homebrew/lib/libopencv_gapi.4.5.5.dylib,
					/opt/homebrew/lib/libopencv_stitching.4.5.5.dylib,
					/opt/homebrew/lib/libopencv_alphamat.4.5.5.dylib,
					/opt/homebrew/lib/libopencv_aruco.4.5.5.dylib,
					/opt/homebrew/lib/libopencv_barcode.4.5.5.dylib,
					/opt/homebrew/lib/libopencv_bgsegm.4.5.5.dylib,
					/opt/homebrew/lib/libopencv_bioinspired.4.5.5.dylib,
					/opt/homebrew/lib/libopencv_ccalib.4.5.5.dylib,
					/opt/homebrew/lib/libopencv_dnn_objdetect.4.5.5.dylib,
					/opt/homebrew/lib/libopencv_dnn_superres.4.5.5.dylib,
					/opt/homebrew/lib/libopencv_dpm.4.5.5.dylib,
					/opt/homebrew/lib/libopencv_face.4.5.5.dylib,
					/opt/homebrew/lib/libopencv_freetype.4.5.5.dylib,
					/opt/homebrew/lib/libopencv_fuzzy.4.5.5.dylib,
					/opt/homebrew/lib/libopencv_hfs.4.5.5.dylib,
					/opt/homebrew/lib/libopencv_img_hash.4.5.5.dylib,
					/opt/homebrew/lib/libopencv_intensity_transform.4.5.5.dylib,
					/opt/homebrew/lib/libopencv_line_descriptor.4.5.5.dylib,
					/opt/homebrew/lib/libopencv_mcc.4.5.5.dylib,
					/opt/homebrew/lib/libopencv_quality.4.5.5.dylib,
					/opt/homebrew/lib/libopencv_rapid.4.5.5.dylib,
					/opt/homebrew/lib/libopencv_reg.4.5.5.dylib,
					/opt/homebrew/lib/libopencv_rgbd.4.5.5.dylib,
					/opt/homebrew/lib/libopencv_saliency.4.5.5.dylib,
					/opt/homebrew/lib/libopencv_sfm.4.5.5.dylib,
					/opt/homebrew/lib/libopencv_stereo.4.5.5.dylib,
					/opt/homebrew/lib/libopencv_structured_light.4.5.5.dylib,
					/opt/homebrew/lib/libopencv_superres.4.5.5.dylib,
					/opt/homebrew/lib/libopencv_surface_matching.4.5.5.dylib,
					/opt/homebrew/lib/libopencv_tracking.4.5.5.dylib,
					/opt/homebrew/lib/libopencv_videostab.4.5.5.dylib,
					/opt/homebrew/lib/libopencv_viz.4.5.5.dylib,
					/opt/homebrew/lib/libopencv_wechat_qrcode.4.5.5.dylib,
					/opt/homebrew/lib/libopencv_xfeatures2d.4.5.5.dylib,
					/opt/homebrew/lib/libopencv_xobjdetect.4.5.5.dylib,
					/opt/homebrew/lib/libopencv_xphoto.4.5.5.dylib,
					/opt/homebrew/lib/libopencv_shape.4.5.5.dylib,
					/opt/homebrew/lib/libopencv_highgui.4.5.5.dylib,
					/opt/homebrew/lib/libopencv_datasets.4.5.5.dylib,
					/opt/homebrew/lib/libopencv_plot.4.5.5.dylib,
					/opt/homebrew/lib/libopencv_text.4.5.5.dylib,
					/opt/homebrew/lib/libopencv_ml.4.5.5.dylib,
					/opt/homebrew/lib/libopencv_phase_unwrapping.4.5.5.dylib,
					/opt/homebrew/lib/libopencv_optflow.4.5.5.dylib,
					/opt/homebrew/lib/libopencv_ximgproc.4.5.5.dylib,
					/opt/homebrew/lib/libopencv_video.4.5.5.dylib,
					/opt/homebrew/lib/libopencv_videoio.4.5.5.dylib,
					/opt/homebrew/lib/libopencv_imgcodecs.4.5.5.dylib,
					/opt/homebrew/lib/libopencv_objdetect.4.5.5.dylib,
					/opt/homebrew/lib/libopencv_calib3d.4.5.5.dylib,
					/opt/homebrew/lib/libopencv_dnn.4.5.5.dylib,
					/opt/homebrew/lib/libopencv_features2d.4.5.5.dylib,
					/opt/homebrew/lib/libopencv_flann.4.5.5.dylib,
					/opt/homebrew/lib/libopencv_photo.4.5.5.dylib,
					/opt/homebrew/lib/libopencv_imgproc.4.5.5.dylib,
					/opt/homebrew/lib/libopencv_core.4.5.5.dylib,
					"$(inherited)",
				);
				OTHER_REZFLAGS = "";
				PRODUCT_NAME = main;
				SECTORDER_FLAGS = "";
				SYMROOT = "/Users/k21099kk/src/imgProc/第9回/contour";
				SYSTEM_HEADER_SEARCH_PATHS = "/opt/homebrew/Cellar/opencv/4.5.5_2/include/opencv4 $(inherited)";
				USE_HEADERMAP = NO;
				WARNING_CFLAGS = "$(inherited)";
			};
			name = RelWithDebInfo;
		};
		DBF749E50E5C4B1B996F7AD5 /* Release */ = {
			isa = XCBuildConfiguration;
			buildSettings = {
				ARCHS = arm64;
				COMBINE_HIDPI_IMAGES = YES;
				EXECUTABLE_PREFIX = "";
				EXECUTABLE_SUFFIX = "";
				GCC_GENERATE_DEBUGGING_SYMBOLS = NO;
				GCC_INLINES_ARE_PRIVATE_EXTERN = NO;
				GCC_OPTIMIZATION_LEVEL = 3;
				GCC_PREPROCESSOR_DEFINITIONS = (
					"'CMAKE_INTDIR=\"$(CONFIGURATION)$(EFFECTIVE_PLATFORM_NAME)\"'",
					"$(inherited)",
				);
				GCC_SYMBOLS_PRIVATE_EXTERN = NO;
				INSTALL_PATH = "";
				LD_RUNPATH_SEARCH_PATHS = "/opt/homebrew/lib $(inherited)";
				ONLY_ACTIVE_ARCH = NO;
				OTHER_CPLUSPLUSFLAGS = (
					"-DNDEBUG",
					"'-std=gnu++11'",
				);
				OTHER_LDFLAGS = (
					"-Wl,-search_paths_first",
					"-Wl,-headerpad_max_install_names",
					/opt/homebrew/lib/libopencv_gapi.4.5.5.dylib,
					/opt/homebrew/lib/libopencv_stitching.4.5.5.dylib,
					/opt/homebrew/lib/libopencv_alphamat.4.5.5.dylib,
					/opt/homebrew/lib/libopencv_aruco.4.5.5.dylib,
					/opt/homebrew/lib/libopencv_barcode.4.5.5.dylib,
					/opt/homebrew/lib/libopencv_bgsegm.4.5.5.dylib,
					/opt/homebrew/lib/libopencv_bioinspired.4.5.5.dylib,
					/opt/homebrew/lib/libopencv_ccalib.4.5.5.dylib,
					/opt/homebrew/lib/libopencv_dnn_objdetect.4.5.5.dylib,
					/opt/homebrew/lib/libopencv_dnn_superres.4.5.5.dylib,
					/opt/homebrew/lib/libopencv_dpm.4.5.5.dylib,
					/opt/homebrew/lib/libopencv_face.4.5.5.dylib,
					/opt/homebrew/lib/libopencv_freetype.4.5.5.dylib,
					/opt/homebrew/lib/libopencv_fuzzy.4.5.5.dylib,
					/opt/homebrew/lib/libopencv_hfs.4.5.5.dylib,
					/opt/homebrew/lib/libopencv_img_hash.4.5.5.dylib,
					/opt/homebrew/lib/libopencv_intensity_transform.4.5.5.dylib,
					/opt/homebrew/lib/libopencv_line_descriptor.4.5.5.dylib,
					/opt/homebrew/lib/libopencv_mcc.4.5.5.dylib,
					/opt/homebrew/lib/libopencv_quality.4.5.5.dylib,
					/opt/homebrew/lib/libopencv_rapid.4.5.5.dylib,
					/opt/homebrew/lib/libopencv_reg.4.5.5.dylib,
					/opt/homebrew/lib/libopencv_rgbd.4.5.5.dylib,
					/opt/homebrew/lib/libopencv_saliency.4.5.5.dylib,
					/opt/homebrew/lib/libopencv_sfm.4.5.5.dylib,
					/opt/homebrew/lib/libopencv_stereo.4.5.5.dylib,
					/opt/homebrew/lib/libopencv_structured_light.4.5.5.dylib,
					/opt/homebrew/lib/libopencv_superres.4.5.5.dylib,
					/opt/homebrew/lib/libopencv_surface_matching.4.5.5.dylib,
					/opt/homebrew/lib/libopencv_tracking.4.5.5.dylib,
					/opt/homebrew/lib/libopencv_videostab.4.5.5.dylib,
					/opt/homebrew/lib/libopencv_viz.4.5.5.dylib,
					/opt/homebrew/lib/libopencv_wechat_qrcode.4.5.5.dylib,
					/opt/homebrew/lib/libopencv_xfeatures2d.4.5.5.dylib,
					/opt/homebrew/lib/libopencv_xobjdetect.4.5.5.dylib,
					/opt/homebrew/lib/libopencv_xphoto.4.5.5.dylib,
					/opt/homebrew/lib/libopencv_shape.4.5.5.dylib,
					/opt/homebrew/lib/libopencv_highgui.4.5.5.dylib,
					/opt/homebrew/lib/libopencv_datasets.4.5.5.dylib,
					/opt/homebrew/lib/libopencv_plot.4.5.5.dylib,
					/opt/homebrew/lib/libopencv_text.4.5.5.dylib,
					/opt/homebrew/lib/libopencv_ml.4.5.5.dylib,
					/opt/homebrew/lib/libopencv_phase_unwrapping.4.5.5.dylib,
					/opt/homebrew/lib/libopencv_optflow.4.5.5.dylib,
					/opt/homebrew/lib/libopencv_ximgproc.4.5.5.dylib,
					/opt/homebrew/lib/libopencv_video.4.5.5.dylib,
					/opt/homebrew/lib/libopencv_videoio.4.5.5.dylib,
					/opt/homebrew/lib/libopencv_imgcodecs.4.5.5.dylib,
					/opt/homebrew/lib/libopencv_objdetect.4.5.5.dylib,
					/opt/homebrew/lib/libopencv_calib3d.4.5.5.dylib,
					/opt/homebrew/lib/libopencv_dnn.4.5.5.dylib,
					/opt/homebrew/lib/libopencv_features2d.4.5.5.dylib,
					/opt/homebrew/lib/libopencv_flann.4.5.5.dylib,
					/opt/homebrew/lib/libopencv_photo.4.5.5.dylib,
					/opt/homebrew/lib/libopencv_imgproc.4.5.5.dylib,
					/opt/homebrew/lib/libopencv_core.4.5.5.dylib,
					"$(inherited)",
				);
				OTHER_REZFLAGS = "";
				PRODUCT_NAME = main;
				SECTORDER_FLAGS = "";
				SYMROOT = "/Users/k21099kk/src/imgProc/第9回/contour";
				SYSTEM_HEADER_SEARCH_PATHS = "/opt/homebrew/Cellar/opencv/4.5.5_2/include/opencv4 $(inherited)";
				USE_HEADERMAP = NO;
				WARNING_CFLAGS = "$(inherited)";
			};
			name = Release;
		};
		E5E94857B646441CA5DB3456 /* MinSizeRel */ = {
			isa = XCBuildConfiguration;
			buildSettings = {
				ARCHS = arm64;
				COMBINE_HIDPI_IMAGES = YES;
				EXECUTABLE_PREFIX = "";
				EXECUTABLE_SUFFIX = "";
				GCC_GENERATE_DEBUGGING_SYMBOLS = NO;
				GCC_INLINES_ARE_PRIVATE_EXTERN = NO;
				GCC_OPTIMIZATION_LEVEL = s;
				GCC_PREPROCESSOR_DEFINITIONS = (
					"'CMAKE_INTDIR=\"$(CONFIGURATION)$(EFFECTIVE_PLATFORM_NAME)\"'",
					"$(inherited)",
				);
				GCC_SYMBOLS_PRIVATE_EXTERN = NO;
				INSTALL_PATH = "";
				LD_RUNPATH_SEARCH_PATHS = "/opt/homebrew/lib $(inherited)";
				ONLY_ACTIVE_ARCH = NO;
				OTHER_CPLUSPLUSFLAGS = (
					"-DNDEBUG",
					"'-std=gnu++11'",
				);
				OTHER_LDFLAGS = (
					"-Wl,-search_paths_first",
					"-Wl,-headerpad_max_install_names",
					/opt/homebrew/lib/libopencv_gapi.4.5.5.dylib,
					/opt/homebrew/lib/libopencv_stitching.4.5.5.dylib,
					/opt/homebrew/lib/libopencv_alphamat.4.5.5.dylib,
					/opt/homebrew/lib/libopencv_aruco.4.5.5.dylib,
					/opt/homebrew/lib/libopencv_barcode.4.5.5.dylib,
					/opt/homebrew/lib/libopencv_bgsegm.4.5.5.dylib,
					/opt/homebrew/lib/libopencv_bioinspired.4.5.5.dylib,
					/opt/homebrew/lib/libopencv_ccalib.4.5.5.dylib,
					/opt/homebrew/lib/libopencv_dnn_objdetect.4.5.5.dylib,
					/opt/homebrew/lib/libopencv_dnn_superres.4.5.5.dylib,
					/opt/homebrew/lib/libopencv_dpm.4.5.5.dylib,
					/opt/homebrew/lib/libopencv_face.4.5.5.dylib,
					/opt/homebrew/lib/libopencv_freetype.4.5.5.dylib,
					/opt/homebrew/lib/libopencv_fuzzy.4.5.5.dylib,
					/opt/homebrew/lib/libopencv_hfs.4.5.5.dylib,
					/opt/homebrew/lib/libopencv_img_hash.4.5.5.dylib,
					/opt/homebrew/lib/libopencv_intensity_transform.4.5.5.dylib,
					/opt/homebrew/lib/libopencv_line_descriptor.4.5.5.dylib,
					/opt/homebrew/lib/libopencv_mcc.4.5.5.dylib,
					/opt/homebrew/lib/libopencv_quality.4.5.5.dylib,
					/opt/homebrew/lib/libopencv_rapid.4.5.5.dylib,
					/opt/homebrew/lib/libopencv_reg.4.5.5.dylib,
					/opt/homebrew/lib/libopencv_rgbd.4.5.5.dylib,
					/opt/homebrew/lib/libopencv_saliency.4.5.5.dylib,
					/opt/homebrew/lib/libopencv_sfm.4.5.5.dylib,
					/opt/homebrew/lib/libopencv_stereo.4.5.5.dylib,
					/opt/homebrew/lib/libopencv_structured_light.4.5.5.dylib,
					/opt/homebrew/lib/libopencv_superres.4.5.5.dylib,
					/opt/homebrew/lib/libopencv_surface_matching.4.5.5.dylib,
					/opt/homebrew/lib/libopencv_tracking.4.5.5.dylib,
					/opt/homebrew/lib/libopencv_videostab.4.5.5.dylib,
					/opt/homebrew/lib/libopencv_viz.4.5.5.dylib,
					/opt/homebrew/lib/libopencv_wechat_qrcode.4.5.5.dylib,
					/opt/homebrew/lib/libopencv_xfeatures2d.4.5.5.dylib,
					/opt/homebrew/lib/libopencv_xobjdetect.4.5.5.dylib,
					/opt/homebrew/lib/libopencv_xphoto.4.5.5.dylib,
					/opt/homebrew/lib/libopencv_shape.4.5.5.dylib,
					/opt/homebrew/lib/libopencv_highgui.4.5.5.dylib,
					/opt/homebrew/lib/libopencv_datasets.4.5.5.dylib,
					/opt/homebrew/lib/libopencv_plot.4.5.5.dylib,
					/opt/homebrew/lib/libopencv_text.4.5.5.dylib,
					/opt/homebrew/lib/libopencv_ml.4.5.5.dylib,
					/opt/homebrew/lib/libopencv_phase_unwrapping.4.5.5.dylib,
					/opt/homebrew/lib/libopencv_optflow.4.5.5.dylib,
					/opt/homebrew/lib/libopencv_ximgproc.4.5.5.dylib,
					/opt/homebrew/lib/libopencv_video.4.5.5.dylib,
					/opt/homebrew/lib/libopencv_videoio.4.5.5.dylib,
					/opt/homebrew/lib/libopencv_imgcodecs.4.5.5.dylib,
					/opt/homebrew/lib/libopencv_objdetect.4.5.5.dylib,
					/opt/homebrew/lib/libopencv_calib3d.4.5.5.dylib,
					/opt/homebrew/lib/libopencv_dnn.4.5.5.dylib,
					/opt/homebrew/lib/libopencv_features2d.4.5.5.dylib,
					/opt/homebrew/lib/libopencv_flann.4.5.5.dylib,
					/opt/homebrew/lib/libopencv_photo.4.5.5.dylib,
					/opt/homebrew/lib/libopencv_imgproc.4.5.5.dylib,
					/opt/homebrew/lib/libopencv_core.4.5.5.dylib,
					"$(inherited)",
				);
				OTHER_REZFLAGS = "";
				PRODUCT_NAME = main;
				SECTORDER_FLAGS = "";
				SYMROOT = "/Users/k21099kk/src/imgProc/第9回/contour";
				SYSTEM_HEADER_SEARCH_PATHS = "/opt/homebrew/Cellar/opencv/4.5.5_2/include/opencv4 $(inherited)";
				USE_HEADERMAP = NO;
				WARNING_CFLAGS = "$(inherited)";
			};
			name = MinSizeRel;
		};
/* End XCBuildConfiguration section */

/* Begin XCConfigurationList section */
		27FEA28B5C0C423F9A0A107D /* Build configuration list for PBXNativeTarget "main" */ = {
			isa = XCConfigurationList;
			buildConfigurations = (
				40B3ECFFA4D445B4B60AE813 /* Debug */,
				DBF749E50E5C4B1B996F7AD5 /* Release */,
				E5E94857B646441CA5DB3456 /* MinSizeRel */,
				C366573D454A4B9D91855056 /* RelWithDebInfo */,
			);
			defaultConfigurationIsVisible = 0;
			defaultConfigurationName = Debug;
		};
		51FB22DAB2554BE9A4683A20 /* Build configuration list for PBXProject "main" */ = {
			isa = XCConfigurationList;
			buildConfigurations = (
				7BEF4A4BC054470192C96A54 /* Debug */,
				1838A0723DEB4A339EBD5DC1 /* Release */,
				1BCD408982694E2785497A60 /* MinSizeRel */,
				2E30A04D1EC84033BEBB738D /* RelWithDebInfo */,
			);
			defaultConfigurationIsVisible = 0;
			defaultConfigurationName = Debug;
		};
/* End XCConfigurationList section */
	};
	rootObject = 971A6CF58FB544CD95C911A4 /* Project object */;
}
